<?xml version="1.0" encoding="utf-8"?>
<Project ToolsVersion="17.0" xmlns="http://schemas.microsoft.com/developer/msbuild/2003">
  <ItemGroup>
    <ClCompile Include="C:\Users\dferr\dev\URPG - RPG Game Maker\tests\integration\test_integration_runtime_recovery.cpp">
      <Filter>Source Files</Filter>
    </ClCompile>
  </ItemGroup>
  <ItemGroup>
    <CustomBuild Include="C:\Users\dferr\dev\URPG - RPG Game Maker\CMakeLists.txt" />
  </ItemGroup>
  <ItemGroup>
    <Natvis Include="C:\Users\dferr\dev\URPG - RPG Game Maker\build-local\_deps\nlohmann_json-src\nlohmann_json.natvis" />
  </ItemGroup>
  <ItemGroup>
    <Filter Include="Source Files">
      <UniqueIdentifier>{F0EFE517-62A7-3DFB-A636-BA1FD15D248F}</UniqueIdentifier>
    </Filter>
  </ItemGroup>
</Project>
