<?xml version="1.0" encoding="utf-8"?>
<Project ToolsVersion="17.0" xmlns="http://schemas.microsoft.com/developer/msbuild/2003">
  <ItemGroup>
    <ClCompile Include="C:\Users\dferr\dev\URPG - RPG Game Maker\engine\core\debug\debug_session.cpp">
      <Filter>Source Files</Filter>
    </ClCompile>
    <ClCompile Include="C:\Users\dferr\dev\URPG - RPG Game Maker\engine\core\engine_shell.cpp">
      <Filter>Source Files</Filter>
    </ClCompile>
    <ClCompile Include="C:\Users\dferr\dev\URPG - RPG Game Maker\engine\core\global_state_hub.cpp">
      <Filter>Source Files</Filter>
    </ClCompile>
    <ClCompile Include="C:\Users\dferr\dev\URPG - RPG Game Maker\engine\core\platform\opengl_renderer.cpp">
      <Filter>Source Files</Filter>
    </ClCompile>
    <ClCompile Include="C:\Users\dferr\dev\URPG - RPG Game Maker\engine\core\platform\sdl_surface.cpp">
      <Filter>Source Files</Filter>
    </ClCompile>
    <ClCompile Include="C:\Users\dferr\dev\URPG - RPG Game Maker\engine\core\platform\gl_shader.cpp">
      <Filter>Source Files</Filter>
    </ClCompile>
    <ClCompile Include="C:\Users\dferr\dev\URPG - RPG Game Maker\engine\core\platform\gl_texture.cpp">
      <Filter>Source Files</Filter>
    </ClCompile>
    <ClCompile Include="C:\Users\dferr\dev\URPG - RPG Game Maker\engine\core\render\asset_loader.cpp">
      <Filter>Source Files</Filter>
    </ClCompile>
    <ClCompile Include="C:\Users\dferr\dev\URPG - RPG Game Maker\engine\core\render\tilemap_renderer.cpp">
      <Filter>Source Files</Filter>
    </ClCompile>
    <ClCompile Include="C:\Users\dferr\dev\URPG - RPG Game Maker\engine\core\render\sprite_animator.cpp">
      <Filter>Source Files</Filter>
    </ClCompile>
    <ClCompile Include="C:\Users\dferr\dev\URPG - RPG Game Maker\engine\core\sprite_batcher.cpp">
      <Filter>Source Files</Filter>
    </ClCompile>
    <ClCompile Include="C:\Users\dferr\dev\URPG - RPG Game Maker\engine\core\clock.cpp">
      <Filter>Source Files</Filter>
    </ClCompile>
    <ClCompile Include="C:\Users\dferr\dev\URPG - RPG Game Maker\engine\core\semver.cpp">
      <Filter>Source Files</Filter>
    </ClCompile>
    <ClCompile Include="C:\Users\dferr\dev\URPG - RPG Game Maker\engine\core\threading\thread_roles.cpp">
      <Filter>Source Files</Filter>
    </ClCompile>
    <ClCompile Include="C:\Users\dferr\dev\URPG - RPG Game Maker\engine\core\events\event_edit_guard.cpp">
      <Filter>Source Files</Filter>
    </ClCompile>
    <ClCompile Include="C:\Users\dferr\dev\URPG - RPG Game Maker\engine\core\events\event_runtime.cpp">
      <Filter>Source Files</Filter>
    </ClCompile>
    <ClCompile Include="C:\Users\dferr\dev\URPG - RPG Game Maker\engine\core\format\canonical_json.cpp">
      <Filter>Source Files</Filter>
    </ClCompile>
    <ClCompile Include="C:\Users\dferr\dev\URPG - RPG Game Maker\engine\core\migrate\migration_runner.cpp">
      <Filter>Source Files</Filter>
    </ClCompile>
    <ClCompile Include="C:\Users\dferr\dev\URPG - RPG Game Maker\engine\core\sync\source_authority.cpp">
      <Filter>Source Files</Filter>
    </ClCompile>
    <ClCompile Include="C:\Users\dferr\dev\URPG - RPG Game Maker\engine\core\save\save_catalog.cpp">
      <Filter>Source Files</Filter>
    </ClCompile>
    <ClCompile Include="C:\Users\dferr\dev\URPG - RPG Game Maker\engine\core\save\save_journal.cpp">
      <Filter>Source Files</Filter>
    </ClCompile>
    <ClCompile Include="C:\Users\dferr\dev\URPG - RPG Game Maker\engine\core\save\save_recovery.cpp">
      <Filter>Source Files</Filter>
    </ClCompile>
    <ClCompile Include="C:\Users\dferr\dev\URPG - RPG Game Maker\engine\core\save\save_runtime.cpp">
      <Filter>Source Files</Filter>
    </ClCompile>
    <ClCompile Include="C:\Users\dferr\dev\URPG - RPG Game Maker\engine\core\battle\battle_core.cpp">
      <Filter>Source Files</Filter>
    </ClCompile>
    <ClCompile Include="C:\Users\dferr\dev\URPG - RPG Game Maker\engine\gameplay\combat\combat_calc.cpp">
      <Filter>Source Files</Filter>
    </ClCompile>
    <ClCompile Include="C:\Users\dferr\dev\URPG - RPG Game Maker\engine\core\audio\audio_ai_bridge.cpp">
      <Filter>Source Files</Filter>
    </ClCompile>
    <ClCompile Include="C:\Users\dferr\dev\URPG - RPG Game Maker\engine\core\animation\animation_ai_bridge.cpp">
      <Filter>Source Files</Filter>
    </ClCompile>
    <ClCompile Include="C:\Users\dferr\dev\URPG - RPG Game Maker\engine\core\ui\ui_window.cpp">
      <Filter>Source Files</Filter>
    </ClCompile>
    <ClCompile Include="C:\Users\dferr\dev\URPG - RPG Game Maker\engine\core\ui\chat_window.cpp">
      <Filter>Source Files</Filter>
    </ClCompile>
    <ClCompile Include="C:\Users\dferr\dev\URPG - RPG Game Maker\engine\core\ui\ui_command_list.cpp">
      <Filter>Source Files</Filter>
    </ClCompile>
    <ClCompile Include="C:\Users\dferr\dev\URPG - RPG Game Maker\engine\core\message\message_core.cpp">
      <Filter>Source Files</Filter>
    </ClCompile>
    <ClCompile Include="C:\Users\dferr\dev\URPG - RPG Game Maker\engine\core\message\dialogue_registry.cpp">
      <Filter>Source Files</Filter>
    </ClCompile>
    <ClCompile Include="C:\Users\dferr\dev\URPG - RPG Game Maker\engine\core\message\message_migration.cpp">
      <Filter>Source Files</Filter>
    </ClCompile>
    <ClCompile Include="C:\Users\dferr\dev\URPG - RPG Game Maker\editor\diagnostics\event_authority_diagnostics.cpp">
      <Filter>Source Files</Filter>
    </ClCompile>
    <ClCompile Include="C:\Users\dferr\dev\URPG - RPG Game Maker\editor\diagnostics\event_authority_panel.cpp">
      <Filter>Source Files</Filter>
    </ClCompile>
    <ClCompile Include="C:\Users\dferr\dev\URPG - RPG Game Maker\editor\diagnostics\diagnostics_workspace.cpp">
      <Filter>Source Files</Filter>
    </ClCompile>
    <ClCompile Include="C:\Users\dferr\dev\URPG - RPG Game Maker\editor\diagnostics\diagnostics_facade.cpp">
      <Filter>Source Files</Filter>
    </ClCompile>
    <ClCompile Include="C:\Users\dferr\dev\URPG - RPG Game Maker\editor\compat\compat_report_panel.cpp">
      <Filter>Source Files</Filter>
    </ClCompile>
    <ClCompile Include="C:\Users\dferr\dev\URPG - RPG Game Maker\editor\save\save_inspector_model.cpp">
      <Filter>Source Files</Filter>
    </ClCompile>
    <ClCompile Include="C:\Users\dferr\dev\URPG - RPG Game Maker\editor\save\save_inspector_panel.cpp">
      <Filter>Source Files</Filter>
    </ClCompile>
    <ClCompile Include="C:\Users\dferr\dev\URPG - RPG Game Maker\editor\battle\battle_inspector_model.cpp">
      <Filter>Source Files</Filter>
    </ClCompile>
    <ClCompile Include="C:\Users\dferr\dev\URPG - RPG Game Maker\editor\battle\battle_preview_panel.cpp">
      <Filter>Source Files</Filter>
    </ClCompile>
    <ClCompile Include="C:\Users\dferr\dev\URPG - RPG Game Maker\editor\battle\battle_inspector_panel.cpp">
      <Filter>Source Files</Filter>
    </ClCompile>
    <ClCompile Include="C:\Users\dferr\dev\URPG - RPG Game Maker\editor\message\message_inspector_model.cpp">
      <Filter>Source Files</Filter>
    </ClCompile>
    <ClCompile Include="C:\Users\dferr\dev\URPG - RPG Game Maker\editor\message\message_inspector_panel.cpp">
      <Filter>Source Files</Filter>
    </ClCompile>
    <ClCompile Include="C:\Users\dferr\dev\URPG - RPG Game Maker\editor\ui\menu_inspector_model.cpp">
      <Filter>Source Files</Filter>
    </ClCompile>
    <ClCompile Include="C:\Users\dferr\dev\URPG - RPG Game Maker\editor\ui\menu_inspector_panel.cpp">
      <Filter>Source Files</Filter>
    </ClCompile>
    <ClCompile Include="C:\Users\dferr\dev\URPG - RPG Game Maker\editor\ui\menu_preview_panel.cpp">
      <Filter>Source Files</Filter>
    </ClCompile>
    <ClCompile Include="C:\Users\dferr\dev\URPG - RPG Game Maker\editor\ability\ability_inspector_model.cpp">
      <Filter>Source Files</Filter>
    </ClCompile>
    <ClCompile Include="C:\Users\dferr\dev\URPG - RPG Game Maker\editor\ability\ability_inspector_panel.cpp">
      <Filter>Source Files</Filter>
    </ClCompile>
    <ClCompile Include="C:\Users\dferr\dev\URPG - RPG Game Maker\editor\ability\pattern_field_model.cpp">
      <Filter>Source Files</Filter>
    </ClCompile>
    <ClCompile Include="C:\Users\dferr\dev\URPG - RPG Game Maker\editor\ability\pattern_field_panel.cpp">
      <Filter>Source Files</Filter>
    </ClCompile>
    <ClCompile Include="C:\Users\dferr\dev\URPG - RPG Game Maker\engine\core\editor\plugin_api.cpp">
      <Filter>Source Files</Filter>
    </ClCompile>
    <ClCompile Include="C:\Users\dferr\dev\URPG - RPG Game Maker\engine\core\ability\gameplay_ability.cpp">
      <Filter>Source Files</Filter>
    </ClCompile>
    <ClCompile Include="C:\Users\dferr\dev\URPG - RPG Game Maker\engine\core\ability\ability_state_machine.cpp">
      <Filter>Source Files</Filter>
    </ClCompile>
    <ClCompile Include="C:\Users\dferr\dev\URPG - RPG Game Maker\engine\core\ability\pattern_field.cpp">
      <Filter>Source Files</Filter>
    </ClCompile>
    <ClCompile Include="C:\Users\dferr\dev\URPG - RPG Game Maker\engine\core\ability\pattern_field_presets.cpp">
      <Filter>Source Files</Filter>
    </ClCompile>
    <ClCompile Include="C:\Users\dferr\dev\URPG - RPG Game Maker\engine\core\level\level_assembly.cpp">
      <Filter>Source Files</Filter>
    </ClCompile>
    <ClCompile Include="C:\Users\dferr\dev\URPG - RPG Game Maker\engine\core\ui\menu_serializer.cpp">
      <Filter>Source Files</Filter>
    </ClCompile>
    <ClCompile Include="C:\Users\dferr\dev\URPG - RPG Game Maker\engine\core\scene\battle_scene.cpp">
      <Filter>Source Files</Filter>
    </ClCompile>
    <ClCompile Include="C:\Users\dferr\dev\URPG - RPG Game Maker\engine\core\scene\map_scene.cpp">
      <Filter>Source Files</Filter>
    </ClCompile>
    <ClCompile Include="C:\Users\dferr\dev\URPG - RPG Game Maker\engine\core\scene\menu_scene.cpp">
      <Filter>Source Files</Filter>
    </ClCompile>
    <ClCompile Include="C:\Users\dferr\dev\URPG - RPG Game Maker\runtimes\compat_js\quickjs_runtime.cpp">
      <Filter>Source Files</Filter>
    </ClCompile>
    <ClCompile Include="C:\Users\dferr\dev\URPG - RPG Game Maker\runtimes\compat_js\window_compat.cpp">
      <Filter>Source Files</Filter>
    </ClCompile>
    <ClCompile Include="C:\Users\dferr\dev\URPG - RPG Game Maker\runtimes\compat_js\global_state_bridge.cpp">
      <Filter>Source Files</Filter>
    </ClCompile>
    <ClCompile Include="C:\Users\dferr\dev\URPG - RPG Game Maker\runtimes\compat_js\battle_manager.cpp">
      <Filter>Source Files</Filter>
    </ClCompile>
    <ClCompile Include="C:\Users\dferr\dev\URPG - RPG Game Maker\runtimes\compat_js\data_manager.cpp">
      <Filter>Source Files</Filter>
    </ClCompile>
    <ClCompile Include="C:\Users\dferr\dev\URPG - RPG Game Maker\runtimes\compat_js\audio_manager.cpp">
      <Filter>Source Files</Filter>
    </ClCompile>
    <ClCompile Include="C:\Users\dferr\dev\URPG - RPG Game Maker\runtimes\compat_js\input_manager.cpp">
      <Filter>Source Files</Filter>
    </ClCompile>
    <ClCompile Include="C:\Users\dferr\dev\URPG - RPG Game Maker\runtimes\compat_js\plugin_manager.cpp">
      <Filter>Source Files</Filter>
    </ClCompile>
  </ItemGroup>
  <ItemGroup>
    <CustomBuild Include="C:\Users\dferr\dev\URPG - RPG Game Maker\CMakeLists.txt" />
  </ItemGroup>
  <ItemGroup>
    <Natvis Include="C:\Users\dferr\dev\URPG - RPG Game Maker\build-local\_deps\nlohmann_json-src\nlohmann_json.natvis" />
  </ItemGroup>
  <ItemGroup>
    <Filter Include="Source Files">
      <UniqueIdentifier>{F0EFE517-62A7-3DFB-A636-BA1FD15D248F}</UniqueIdentifier>
    </Filter>
  </ItemGroup>
</Project>
