
Microsoft Visual Studio Solution File, Format Version 12.00
# Visual Studio Version 17
Project("{8BC9CEB8-8B4A-11D0-8D11-00A0C91BC942}") = "ALL_BUILD", "ALL_BUILD.vcxproj", "{1163958A-52E2-3302-A5B5-828EAFA4F5AD}"
	ProjectSection(ProjectDependencies) = postProject
		{8d538cbe-01bf-4a2e-a98a-6c368fdf13d7} = {8d538cbe-01bf-4a2e-a98a-6c368fdf13d7}
		{8bd3552a-2cfb-4a59-ab15-2031b97ada1e} = {8bd3552a-2cfb-4a59-ab15-2031b97ada1e}
		{ABA3159F-F6C2-3AFF-85E0-6A9595638B6D} = {ABA3159F-F6C2-3AFF-85E0-6A9595638B6D}
		{E7925AF0-538D-3938-A5B8-BB09AE20B7DE} = {E7925AF0-538D-3938-A5B8-BB09AE20B7DE}
		{43273F26-F16A-32C4-8A94-6C27003966FF} = {43273F26-F16A-32C4-8A94-6C27003966FF}
		{A8FF9276-531F-32CE-8A76-377327715B28} = {A8FF9276-531F-32CE-8A76-377327715B28}
		{1763C92B-4908-349B-9F74-29ED5C3E9B4B} = {1763C92B-4908-349B-9F74-29ED5C3E9B4B}
		{1DC113B6-31D0-3BC0-B4C4-1FAE3C985701} = {1DC113B6-31D0-3BC0-B4C4-1FAE3C985701}
		{0173D180-03B5-3D1C-913C-966B3CAAA380} = {0173D180-03B5-3D1C-913C-966B3CAAA380}
		{29DDE16A-A298-3716-830F-FD5D41025DE5} = {29DDE16A-A298-3716-830F-FD5D41025DE5}
		{A301C017-68AF-33BA-8E42-F5E09EDC49DC} = {A301C017-68AF-33BA-8E42-F5E09EDC49DC}
		{1D6E2441-03C6-3C3D-83CA-7F85937FFC79} = {1D6E2441-03C6-3C3D-83CA-7F85937FFC79}
		{802805D4-1B7F-3F54-A99F-FE7D5046A166} = {802805D4-1B7F-3F54-A99F-FE7D5046A166}
		{D857EB2D-BB02-3EAD-BF0D-7ED46E149294} = {D857EB2D-BB02-3EAD-BF0D-7ED46E149294}
		{01D864BE-1635-35DB-B569-A2B2B1D7621A} = {01D864BE-1635-35DB-B569-A2B2B1D7621A}
	EndProjectSection
EndProject
Project("{8BC9CEB8-8B4A-11D0-8D11-00A0C91BC942}") = "Catch2", "_deps\catch2-build\src\Catch2.vcxproj", "{8d538cbe-01bf-4a2e-a98a-6c368fdf13d7}"
	ProjectSection(ProjectDependencies) = postProject
		{1763C92B-4908-349B-9F74-29ED5C3E9B4B} = {1763C92B-4908-349B-9F74-29ED5C3E9B4B}
	EndProjectSection
EndProject
Project("{8BC9CEB8-8B4A-11D0-8D11-00A0C91BC942}") = "Catch2WithMain", "_deps\catch2-build\src\Catch2WithMain.vcxproj", "{8bd3552a-2cfb-4a59-ab15-2031b97ada1e}"
	ProjectSection(ProjectDependencies) = postProject
		{8d538cbe-01bf-4a2e-a98a-6c368fdf13d7} = {8d538cbe-01bf-4a2e-a98a-6c368fdf13d7}
		{1763C92B-4908-349B-9F74-29ED5C3E9B4B} = {1763C92B-4908-349B-9F74-29ED5C3E9B4B}
	EndProjectSection
EndProject
Project("{8BC9CEB8-8B4A-11D0-8D11-00A0C91BC942}") = "Continuous", "Continuous.vcxproj", "{3D78D4B8-AB6A-3E6C-BFC3-D0E4BC202F5C}"
	ProjectSection(ProjectDependencies) = postProject
		{1763C92B-4908-349B-9F74-29ED5C3E9B4B} = {1763C92B-4908-349B-9F74-29ED5C3E9B4B}
	EndProjectSection
EndProject
Project("{8BC9CEB8-8B4A-11D0-8D11-00A0C91BC942}") = "Experimental", "Experimental.vcxproj", "{CB99E924-C33A-35FB-8CAE-98D08322F22A}"
	ProjectSection(ProjectDependencies) = postProject
		{1763C92B-4908-349B-9F74-29ED5C3E9B4B} = {1763C92B-4908-349B-9F74-29ED5C3E9B4B}
	EndProjectSection
EndProject
Project("{8BC9CEB8-8B4A-11D0-8D11-00A0C91BC942}") = "Nightly", "Nightly.vcxproj", "{B78EFD3B-93B3-3F2A-B27E-C96232732F62}"
	ProjectSection(ProjectDependencies) = postProject
		{1763C92B-4908-349B-9F74-29ED5C3E9B4B} = {1763C92B-4908-349B-9F74-29ED5C3E9B4B}
	EndProjectSection
EndProject
Project("{8BC9CEB8-8B4A-11D0-8D11-00A0C91BC942}") = "NightlyMemoryCheck", "NightlyMemoryCheck.vcxproj", "{23C617F2-0A8D-382E-B922-F8FC9439B373}"
	ProjectSection(ProjectDependencies) = postProject
		{1763C92B-4908-349B-9F74-29ED5C3E9B4B} = {1763C92B-4908-349B-9F74-29ED5C3E9B4B}
	EndProjectSection
EndProject
Project("{8BC9CEB8-8B4A-11D0-8D11-00A0C91BC942}") = "RUN_TESTS", "RUN_TESTS.vcxproj", "{0E9EAAA1-4E83-30E5-B367-862A03AD08F8}"
	ProjectSection(ProjectDependencies) = postProject
		{1763C92B-4908-349B-9F74-29ED5C3E9B4B} = {1763C92B-4908-349B-9F74-29ED5C3E9B4B}
	EndProjectSection
EndProject
Project("{8BC9CEB8-8B4A-11D0-8D11-00A0C91BC942}") = "SDL2", "_deps\sdl2-build\SDL2.vcxproj", "{ABA3159F-F6C2-3AFF-85E0-6A9595638B6D}"
	ProjectSection(ProjectDependencies) = postProject
		{1763C92B-4908-349B-9F74-29ED5C3E9B4B} = {1763C92B-4908-349B-9F74-29ED5C3E9B4B}
		{EFF02BA5-20AE-3B49-945D-00363900B736} = {EFF02BA5-20AE-3B49-945D-00363900B736}
	EndProjectSection
EndProject
Project("{8BC9CEB8-8B4A-11D0-8D11-00A0C91BC942}") = "SDL2-static", "_deps\sdl2-build\SDL2-static.vcxproj", "{E7925AF0-538D-3938-A5B8-BB09AE20B7DE}"
	ProjectSection(ProjectDependencies) = postProject
		{1763C92B-4908-349B-9F74-29ED5C3E9B4B} = {1763C92B-4908-349B-9F74-29ED5C3E9B4B}
		{EFF02BA5-20AE-3B49-945D-00363900B736} = {EFF02BA5-20AE-3B49-945D-00363900B736}
	EndProjectSection
EndProject
Project("{8BC9CEB8-8B4A-11D0-8D11-00A0C91BC942}") = "SDL2_test", "_deps\sdl2-build\SDL2_test.vcxproj", "{43273F26-F16A-32C4-8A94-6C27003966FF}"
	ProjectSection(ProjectDependencies) = postProject
		{1763C92B-4908-349B-9F74-29ED5C3E9B4B} = {1763C92B-4908-349B-9F74-29ED5C3E9B4B}
		{EFF02BA5-20AE-3B49-945D-00363900B736} = {EFF02BA5-20AE-3B49-945D-00363900B736}
	EndProjectSection
EndProject
Project("{8BC9CEB8-8B4A-11D0-8D11-00A0C91BC942}") = "SDL2main", "_deps\sdl2-build\SDL2main.vcxproj", "{A8FF9276-531F-32CE-8A76-377327715B28}"
	ProjectSection(ProjectDependencies) = postProject
		{1763C92B-4908-349B-9F74-29ED5C3E9B4B} = {1763C92B-4908-349B-9F74-29ED5C3E9B4B}
		{EFF02BA5-20AE-3B49-945D-00363900B736} = {EFF02BA5-20AE-3B49-945D-00363900B736}
	EndProjectSection
EndProject
Project("{8BC9CEB8-8B4A-11D0-8D11-00A0C91BC942}") = "ZERO_CHECK", "ZERO_CHECK.vcxproj", "{1763C92B-4908-349B-9F74-29ED5C3E9B4B}"
	ProjectSection(ProjectDependencies) = postProject
	EndProjectSection
EndProject
Project("{8BC9CEB8-8B4A-11D0-8D11-00A0C91BC942}") = "sdl_headers_copy", "_deps\sdl2-build\sdl_headers_copy.vcxproj", "{EFF02BA5-20AE-3B49-945D-00363900B736}"
	ProjectSection(ProjectDependencies) = postProject
		{1763C92B-4908-349B-9F74-29ED5C3E9B4B} = {1763C92B-4908-349B-9F74-29ED5C3E9B4B}
	EndProjectSection
EndProject
Project("{8BC9CEB8-8B4A-11D0-8D11-00A0C91BC942}") = "uninstall", "_deps\sdl2-build\uninstall.vcxproj", "{675B463E-E770-3C13-857F-BC188A2577AF}"
	ProjectSection(ProjectDependencies) = postProject
		{1763C92B-4908-349B-9F74-29ED5C3E9B4B} = {1763C92B-4908-349B-9F74-29ED5C3E9B4B}
	EndProjectSection
EndProject
Project("{8BC9CEB8-8B4A-11D0-8D11-00A0C91BC942}") = "urpg_compat_tests", "urpg_compat_tests.vcxproj", "{1DC113B6-31D0-3BC0-B4C4-1FAE3C985701}"
	ProjectSection(ProjectDependencies) = postProject
		{8d538cbe-01bf-4a2e-a98a-6c368fdf13d7} = {8d538cbe-01bf-4a2e-a98a-6c368fdf13d7}
		{8bd3552a-2cfb-4a59-ab15-2031b97ada1e} = {8bd3552a-2cfb-4a59-ab15-2031b97ada1e}
		{ABA3159F-F6C2-3AFF-85E0-6A9595638B6D} = {ABA3159F-F6C2-3AFF-85E0-6A9595638B6D}
		{1763C92B-4908-349B-9F74-29ED5C3E9B4B} = {1763C92B-4908-349B-9F74-29ED5C3E9B4B}
		{0173D180-03B5-3D1C-913C-966B3CAAA380} = {0173D180-03B5-3D1C-913C-966B3CAAA380}
	EndProjectSection
EndProject
Project("{8BC9CEB8-8B4A-11D0-8D11-00A0C91BC942}") = "urpg_core", "urpg_core.vcxproj", "{0173D180-03B5-3D1C-913C-966B3CAAA380}"
	ProjectSection(ProjectDependencies) = postProject
		{ABA3159F-F6C2-3AFF-85E0-6A9595638B6D} = {ABA3159F-F6C2-3AFF-85E0-6A9595638B6D}
		{1763C92B-4908-349B-9F74-29ED5C3E9B4B} = {1763C92B-4908-349B-9F74-29ED5C3E9B4B}
	EndProjectSection
EndProject
Project("{8BC9CEB8-8B4A-11D0-8D11-00A0C91BC942}") = "urpg_integration_tests", "urpg_integration_tests.vcxproj", "{29DDE16A-A298-3716-830F-FD5D41025DE5}"
	ProjectSection(ProjectDependencies) = postProject
		{8d538cbe-01bf-4a2e-a98a-6c368fdf13d7} = {8d538cbe-01bf-4a2e-a98a-6c368fdf13d7}
		{8bd3552a-2cfb-4a59-ab15-2031b97ada1e} = {8bd3552a-2cfb-4a59-ab15-2031b97ada1e}
		{ABA3159F-F6C2-3AFF-85E0-6A9595638B6D} = {ABA3159F-F6C2-3AFF-85E0-6A9595638B6D}
		{1763C92B-4908-349B-9F74-29ED5C3E9B4B} = {1763C92B-4908-349B-9F74-29ED5C3E9B4B}
		{0173D180-03B5-3D1C-913C-966B3CAAA380} = {0173D180-03B5-3D1C-913C-966B3CAAA380}
	EndProjectSection
EndProject
Project("{8BC9CEB8-8B4A-11D0-8D11-00A0C91BC942}") = "urpg_migrate", "urpg_migrate.vcxproj", "{A301C017-68AF-33BA-8E42-F5E09EDC49DC}"
	ProjectSection(ProjectDependencies) = postProject
		{ABA3159F-F6C2-3AFF-85E0-6A9595638B6D} = {ABA3159F-F6C2-3AFF-85E0-6A9595638B6D}
		{1763C92B-4908-349B-9F74-29ED5C3E9B4B} = {1763C92B-4908-349B-9F74-29ED5C3E9B4B}
		{0173D180-03B5-3D1C-913C-966B3CAAA380} = {0173D180-03B5-3D1C-913C-966B3CAAA380}
	EndProjectSection
EndProject
Project("{8BC9CEB8-8B4A-11D0-8D11-00A0C91BC942}") = "urpg_presentation_release_validation", "urpg_presentation_release_validation.vcxproj", "{1D6E2441-03C6-3C3D-83CA-7F85937FFC79}"
	ProjectSection(ProjectDependencies) = postProject
		{ABA3159F-F6C2-3AFF-85E0-6A9595638B6D} = {ABA3159F-F6C2-3AFF-85E0-6A9595638B6D}
		{1763C92B-4908-349B-9F74-29ED5C3E9B4B} = {1763C92B-4908-349B-9F74-29ED5C3E9B4B}
		{0173D180-03B5-3D1C-913C-966B3CAAA380} = {0173D180-03B5-3D1C-913C-966B3CAAA380}
	EndProjectSection
EndProject
Project("{8BC9CEB8-8B4A-11D0-8D11-00A0C91BC942}") = "urpg_project_audit", "urpg_project_audit.vcxproj", "{802805D4-1B7F-3F54-A99F-FE7D5046A166}"
	ProjectSection(ProjectDependencies) = postProject
		{ABA3159F-F6C2-3AFF-85E0-6A9595638B6D} = {ABA3159F-F6C2-3AFF-85E0-6A9595638B6D}
		{1763C92B-4908-349B-9F74-29ED5C3E9B4B} = {1763C92B-4908-349B-9F74-29ED5C3E9B4B}
		{0173D180-03B5-3D1C-913C-966B3CAAA380} = {0173D180-03B5-3D1C-913C-966B3CAAA380}
	EndProjectSection
EndProject
Project("{8BC9CEB8-8B4A-11D0-8D11-00A0C91BC942}") = "urpg_snapshot_tests", "urpg_snapshot_tests.vcxproj", "{D857EB2D-BB02-3EAD-BF0D-7ED46E149294}"
	ProjectSection(ProjectDependencies) = postProject
		{8d538cbe-01bf-4a2e-a98a-6c368fdf13d7} = {8d538cbe-01bf-4a2e-a98a-6c368fdf13d7}
		{8bd3552a-2cfb-4a59-ab15-2031b97ada1e} = {8bd3552a-2cfb-4a59-ab15-2031b97ada1e}
		{ABA3159F-F6C2-3AFF-85E0-6A9595638B6D} = {ABA3159F-F6C2-3AFF-85E0-6A9595638B6D}
		{1763C92B-4908-349B-9F74-29ED5C3E9B4B} = {1763C92B-4908-349B-9F74-29ED5C3E9B4B}
		{0173D180-03B5-3D1C-913C-966B3CAAA380} = {0173D180-03B5-3D1C-913C-966B3CAAA380}
	EndProjectSection
EndProject
Project("{8BC9CEB8-8B4A-11D0-8D11-00A0C91BC942}") = "urpg_tests", "urpg_tests.vcxproj", "{01D864BE-1635-35DB-B569-A2B2B1D7621A}"
	ProjectSection(ProjectDependencies) = postProject
		{8d538cbe-01bf-4a2e-a98a-6c368fdf13d7} = {8d538cbe-01bf-4a2e-a98a-6c368fdf13d7}
		{8bd3552a-2cfb-4a59-ab15-2031b97ada1e} = {8bd3552a-2cfb-4a59-ab15-2031b97ada1e}
		{ABA3159F-F6C2-3AFF-85E0-6A9595638B6D} = {ABA3159F-F6C2-3AFF-85E0-6A9595638B6D}
		{1763C92B-4908-349B-9F74-29ED5C3E9B4B} = {1763C92B-4908-349B-9F74-29ED5C3E9B4B}
		{0173D180-03B5-3D1C-913C-966B3CAAA380} = {0173D180-03B5-3D1C-913C-966B3CAAA380}
		{802805D4-1B7F-3F54-A99F-FE7D5046A166} = {802805D4-1B7F-3F54-A99F-FE7D5046A166}
	EndProjectSection
EndProject
Global
	GlobalSection(SolutionConfigurationPlatforms) = preSolution
		Debug|x64 = Debug|x64
		Release|x64 = Release|x64
		MinSizeRel|x64 = MinSizeRel|x64
		RelWithDebInfo|x64 = RelWithDebInfo|x64
	EndGlobalSection
	GlobalSection(ProjectConfigurationPlatforms) = postSolution
		{1163958A-52E2-3302-A5B5-828EAFA4F5AD}.Debug|x64.ActiveCfg = Debug|x64
		{1163958A-52E2-3302-A5B5-828EAFA4F5AD}.Release|x64.ActiveCfg = Release|x64
		{1163958A-52E2-3302-A5B5-828EAFA4F5AD}.MinSizeRel|x64.ActiveCfg = MinSizeRel|x64
		{1163958A-52E2-3302-A5B5-828EAFA4F5AD}.RelWithDebInfo|x64.ActiveCfg = RelWithDebInfo|x64
		{8d538cbe-01bf-4a2e-a98a-6c368fdf13d7}.Debug|x64.ActiveCfg = Debug|x64
		{8d538cbe-01bf-4a2e-a98a-6c368fdf13d7}.Debug|x64.Build.0 = Debug|x64
		{8d538cbe-01bf-4a2e-a98a-6c368fdf13d7}.Release|x64.ActiveCfg = Release|x64
		{8d538cbe-01bf-4a2e-a98a-6c368fdf13d7}.Release|x64.Build.0 = Release|x64
		{8d538cbe-01bf-4a2e-a98a-6c368fdf13d7}.MinSizeRel|x64.ActiveCfg = MinSizeRel|x64
		{8d538cbe-01bf-4a2e-a98a-6c368fdf13d7}.MinSizeRel|x64.Build.0 = MinSizeRel|x64
		{8d538cbe-01bf-4a2e-a98a-6c368fdf13d7}.RelWithDebInfo|x64.ActiveCfg = RelWithDebInfo|x64
		{8d538cbe-01bf-4a2e-a98a-6c368fdf13d7}.RelWithDebInfo|x64.Build.0 = RelWithDebInfo|x64
		{8bd3552a-2cfb-4a59-ab15-2031b97ada1e}.Debug|x64.ActiveCfg = Debug|x64
		{8bd3552a-2cfb-4a59-ab15-2031b97ada1e}.Debug|x64.Build.0 = Debug|x64
		{8bd3552a-2cfb-4a59-ab15-2031b97ada1e}.Release|x64.ActiveCfg = Release|x64
		{8bd3552a-2cfb-4a59-ab15-2031b97ada1e}.Release|x64.Build.0 = Release|x64
		{8bd3552a-2cfb-4a59-ab15-2031b97ada1e}.MinSizeRel|x64.ActiveCfg = MinSizeRel|x64
		{8bd3552a-2cfb-4a59-ab15-2031b97ada1e}.MinSizeRel|x64.Build.0 = MinSizeRel|x64
		{8bd3552a-2cfb-4a59-ab15-2031b97ada1e}.RelWithDebInfo|x64.ActiveCfg = RelWithDebInfo|x64
		{8bd3552a-2cfb-4a59-ab15-2031b97ada1e}.RelWithDebInfo|x64.Build.0 = RelWithDebInfo|x64
		{3D78D4B8-AB6A-3E6C-BFC3-D0E4BC202F5C}.Debug|x64.ActiveCfg = Debug|x64
		{3D78D4B8-AB6A-3E6C-BFC3-D0E4BC202F5C}.Release|x64.ActiveCfg = Release|x64
		{3D78D4B8-AB6A-3E6C-BFC3-D0E4BC202F5C}.MinSizeRel|x64.ActiveCfg = MinSizeRel|x64
		{3D78D4B8-AB6A-3E6C-BFC3-D0E4BC202F5C}.RelWithDebInfo|x64.ActiveCfg = RelWithDebInfo|x64
		{CB99E924-C33A-35FB-8CAE-98D08322F22A}.Debug|x64.ActiveCfg = Debug|x64
		{CB99E924-C33A-35FB-8CAE-98D08322F22A}.Release|x64.ActiveCfg = Release|x64
		{CB99E924-C33A-35FB-8CAE-98D08322F22A}.MinSizeRel|x64.ActiveCfg = MinSizeRel|x64
		{CB99E924-C33A-35FB-8CAE-98D08322F22A}.RelWithDebInfo|x64.ActiveCfg = RelWithDebInfo|x64
		{B78EFD3B-93B3-3F2A-B27E-C96232732F62}.Debug|x64.ActiveCfg = Debug|x64
		{B78EFD3B-93B3-3F2A-B27E-C96232732F62}.Release|x64.ActiveCfg = Release|x64
		{B78EFD3B-93B3-3F2A-B27E-C96232732F62}.MinSizeRel|x64.ActiveCfg = MinSizeRel|x64
		{B78EFD3B-93B3-3F2A-B27E-C96232732F62}.RelWithDebInfo|x64.ActiveCfg = RelWithDebInfo|x64
		{23C617F2-0A8D-382E-B922-F8FC9439B373}.Debug|x64.ActiveCfg = Debug|x64
		{23C617F2-0A8D-382E-B922-F8FC9439B373}.Release|x64.ActiveCfg = Release|x64
		{23C617F2-0A8D-382E-B922-F8FC9439B373}.MinSizeRel|x64.ActiveCfg = MinSizeRel|x64
		{23C617F2-0A8D-382E-B922-F8FC9439B373}.RelWithDebInfo|x64.ActiveCfg = RelWithDebInfo|x64
		{0E9EAAA1-4E83-30E5-B367-862A03AD08F8}.Debug|x64.ActiveCfg = Debug|x64
		{0E9EAAA1-4E83-30E5-B367-862A03AD08F8}.Release|x64.ActiveCfg = Release|x64
		{0E9EAAA1-4E83-30E5-B367-862A03AD08F8}.MinSizeRel|x64.ActiveCfg = MinSizeRel|x64
		{0E9EAAA1-4E83-30E5-B367-862A03AD08F8}.RelWithDebInfo|x64.ActiveCfg = RelWithDebInfo|x64
		{ABA3159F-F6C2-3AFF-85E0-6A9595638B6D}.Debug|x64.ActiveCfg = Debug|x64
		{ABA3159F-F6C2-3AFF-85E0-6A9595638B6D}.Debug|x64.Build.0 = Debug|x64
		{ABA3159F-F6C2-3AFF-85E0-6A9595638B6D}.Release|x64.ActiveCfg = Release|x64
		{ABA3159F-F6C2-3AFF-85E0-6A9595638B6D}.Release|x64.Build.0 = Release|x64
		{ABA3159F-F6C2-3AFF-85E0-6A9595638B6D}.MinSizeRel|x64.ActiveCfg = MinSizeRel|x64
		{ABA3159F-F6C2-3AFF-85E0-6A9595638B6D}.MinSizeRel|x64.Build.0 = MinSizeRel|x64
		{ABA3159F-F6C2-3AFF-85E0-6A9595638B6D}.RelWithDebInfo|x64.ActiveCfg = RelWithDebInfo|x64
		{ABA3159F-F6C2-3AFF-85E0-6A9595638B6D}.RelWithDebInfo|x64.Build.0 = RelWithDebInfo|x64
		{E7925AF0-538D-3938-A5B8-BB09AE20B7DE}.Debug|x64.ActiveCfg = Debug|x64
		{E7925AF0-538D-3938-A5B8-BB09AE20B7DE}.Debug|x64.Build.0 = Debug|x64
		{E7925AF0-538D-3938-A5B8-BB09AE20B7DE}.Release|x64.ActiveCfg = Release|x64
		{E7925AF0-538D-3938-A5B8-BB09AE20B7DE}.Release|x64.Build.0 = Release|x64
		{E7925AF0-538D-3938-A5B8-BB09AE20B7DE}.MinSizeRel|x64.ActiveCfg = MinSizeRel|x64
		{E7925AF0-538D-3938-A5B8-BB09AE20B7DE}.MinSizeRel|x64.Build.0 = MinSizeRel|x64
		{E7925AF0-538D-3938-A5B8-BB09AE20B7DE}.RelWithDebInfo|x64.ActiveCfg = RelWithDebInfo|x64
		{E7925AF0-538D-3938-A5B8-BB09AE20B7DE}.RelWithDebInfo|x64.Build.0 = RelWithDebInfo|x64
		{43273F26-F16A-32C4-8A94-6C27003966FF}.Debug|x64.ActiveCfg = Debug|x64
		{43273F26-F16A-32C4-8A94-6C27003966FF}.Debug|x64.Build.0 = Debug|x64
		{43273F26-F16A-32C4-8A94-6C27003966FF}.Release|x64.ActiveCfg = Release|x64
		{43273F26-F16A-32C4-8A94-6C27003966FF}.Release|x64.Build.0 = Release|x64
		{43273F26-F16A-32C4-8A94-6C27003966FF}.MinSizeRel|x64.ActiveCfg = MinSizeRel|x64
		{43273F26-F16A-32C4-8A94-6C27003966FF}.MinSizeRel|x64.Build.0 = MinSizeRel|x64
		{43273F26-F16A-32C4-8A94-6C27003966FF}.RelWithDebInfo|x64.ActiveCfg = RelWithDebInfo|x64
		{43273F26-F16A-32C4-8A94-6C27003966FF}.RelWithDebInfo|x64.Build.0 = RelWithDebInfo|x64
		{A8FF9276-531F-32CE-8A76-377327715B28}.Debug|x64.ActiveCfg = Debug|x64
		{A8FF9276-531F-32CE-8A76-377327715B28}.Debug|x64.Build.0 = Debug|x64
		{A8FF9276-531F-32CE-8A76-377327715B28}.Release|x64.ActiveCfg = Release|x64
		{A8FF9276-531F-32CE-8A76-377327715B28}.Release|x64.Build.0 = Release|x64
		{A8FF9276-531F-32CE-8A76-377327715B28}.MinSizeRel|x64.ActiveCfg = MinSizeRel|x64
		{A8FF9276-531F-32CE-8A76-377327715B28}.MinSizeRel|x64.Build.0 = MinSizeRel|x64
		{A8FF9276-531F-32CE-8A76-377327715B28}.RelWithDebInfo|x64.ActiveCfg = RelWithDebInfo|x64
		{A8FF9276-531F-32CE-8A76-377327715B28}.RelWithDebInfo|x64.Build.0 = RelWithDebInfo|x64
		{1763C92B-4908-349B-9F74-29ED5C3E9B4B}.Debug|x64.ActiveCfg = Debug|x64
		{1763C92B-4908-349B-9F74-29ED5C3E9B4B}.Debug|x64.Build.0 = Debug|x64
		{1763C92B-4908-349B-9F74-29ED5C3E9B4B}.Release|x64.ActiveCfg = Release|x64
		{1763C92B-4908-349B-9F74-29ED5C3E9B4B}.Release|x64.Build.0 = Release|x64
		{1763C92B-4908-349B-9F74-29ED5C3E9B4B}.MinSizeRel|x64.ActiveCfg = MinSizeRel|x64
		{1763C92B-4908-349B-9F74-29ED5C3E9B4B}.MinSizeRel|x64.Build.0 = MinSizeRel|x64
		{1763C92B-4908-349B-9F74-29ED5C3E9B4B}.RelWithDebInfo|x64.ActiveCfg = RelWithDebInfo|x64
		{1763C92B-4908-349B-9F74-29ED5C3E9B4B}.RelWithDebInfo|x64.Build.0 = RelWithDebInfo|x64
		{EFF02BA5-20AE-3B49-945D-00363900B736}.Debug|x64.ActiveCfg = Debug|x64
		{EFF02BA5-20AE-3B49-945D-00363900B736}.Debug|x64.Build.0 = Debug|x64
		{EFF02BA5-20AE-3B49-945D-00363900B736}.Release|x64.ActiveCfg = Release|x64
		{EFF02BA5-20AE-3B49-945D-00363900B736}.Release|x64.Build.0 = Release|x64
		{EFF02BA5-20AE-3B49-945D-00363900B736}.MinSizeRel|x64.ActiveCfg = MinSizeRel|x64
		{EFF02BA5-20AE-3B49-945D-00363900B736}.MinSizeRel|x64.Build.0 = MinSizeRel|x64
		{EFF02BA5-20AE-3B49-945D-00363900B736}.RelWithDebInfo|x64.ActiveCfg = RelWithDebInfo|x64
		{EFF02BA5-20AE-3B49-945D-00363900B736}.RelWithDebInfo|x64.Build.0 = RelWithDebInfo|x64
		{675B463E-E770-3C13-857F-BC188A2577AF}.Debug|x64.ActiveCfg = Debug|x64
		{675B463E-E770-3C13-857F-BC188A2577AF}.Release|x64.ActiveCfg = Release|x64
		{675B463E-E770-3C13-857F-BC188A2577AF}.MinSizeRel|x64.ActiveCfg = MinSizeRel|x64
		{675B463E-E770-3C13-857F-BC188A2577AF}.RelWithDebInfo|x64.ActiveCfg = RelWithDebInfo|x64
		{1DC113B6-31D0-3BC0-B4C4-1FAE3C985701}.Debug|x64.ActiveCfg = Debug|x64
		{1DC113B6-31D0-3BC0-B4C4-1FAE3C985701}.Debug|x64.Build.0 = Debug|x64
		{1DC113B6-31D0-3BC0-B4C4-1FAE3C985701}.Release|x64.ActiveCfg = Release|x64
		{1DC113B6-31D0-3BC0-B4C4-1FAE3C985701}.Release|x64.Build.0 = Release|x64
		{1DC113B6-31D0-3BC0-B4C4-1FAE3C985701}.MinSizeRel|x64.ActiveCfg = MinSizeRel|x64
		{1DC113B6-31D0-3BC0-B4C4-1FAE3C985701}.MinSizeRel|x64.Build.0 = MinSizeRel|x64
		{1DC113B6-31D0-3BC0-B4C4-1FAE3C985701}.RelWithDebInfo|x64.ActiveCfg = RelWithDebInfo|x64
		{1DC113B6-31D0-3BC0-B4C4-1FAE3C985701}.RelWithDebInfo|x64.Build.0 = RelWithDebInfo|x64
		{0173D180-03B5-3D1C-913C-966B3CAAA380}.Debug|x64.ActiveCfg = Debug|x64
		{0173D180-03B5-3D1C-913C-966B3CAAA380}.Debug|x64.Build.0 = Debug|x64
		{0173D180-03B5-3D1C-913C-966B3CAAA380}.Release|x64.ActiveCfg = Release|x64
		{0173D180-03B5-3D1C-913C-966B3CAAA380}.Release|x64.Build.0 = Release|x64
		{0173D180-03B5-3D1C-913C-966B3CAAA380}.MinSizeRel|x64.ActiveCfg = MinSizeRel|x64
		{0173D180-03B5-3D1C-913C-966B3CAAA380}.MinSizeRel|x64.Build.0 = MinSizeRel|x64
		{0173D180-03B5-3D1C-913C-966B3CAAA380}.RelWithDebInfo|x64.ActiveCfg = RelWithDebInfo|x64
		{0173D180-03B5-3D1C-913C-966B3CAAA380}.RelWithDebInfo|x64.Build.0 = RelWithDebInfo|x64
		{29DDE16A-A298-3716-830F-FD5D41025DE5}.Debug|x64.ActiveCfg = Debug|x64
		{29DDE16A-A298-3716-830F-FD5D41025DE5}.Debug|x64.Build.0 = Debug|x64
		{29DDE16A-A298-3716-830F-FD5D41025DE5}.Release|x64.ActiveCfg = Release|x64
		{29DDE16A-A298-3716-830F-FD5D41025DE5}.Release|x64.Build.0 = Release|x64
		{29DDE16A-A298-3716-830F-FD5D41025DE5}.MinSizeRel|x64.ActiveCfg = MinSizeRel|x64
		{29DDE16A-A298-3716-830F-FD5D41025DE5}.MinSizeRel|x64.Build.0 = MinSizeRel|x64
		{29DDE16A-A298-3716-830F-FD5D41025DE5}.RelWithDebInfo|x64.ActiveCfg = RelWithDebInfo|x64
		{29DDE16A-A298-3716-830F-FD5D41025DE5}.RelWithDebInfo|x64.Build.0 = RelWithDebInfo|x64
		{A301C017-68AF-33BA-8E42-F5E09EDC49DC}.Debug|x64.ActiveCfg = Debug|x64
		{A301C017-68AF-33BA-8E42-F5E09EDC49DC}.Debug|x64.Build.0 = Debug|x64
		{A301C017-68AF-33BA-8E42-F5E09EDC49DC}.Release|x64.ActiveCfg = Release|x64
		{A301C017-68AF-33BA-8E42-F5E09EDC49DC}.Release|x64.Build.0 = Release|x64
		{A301C017-68AF-33BA-8E42-F5E09EDC49DC}.MinSizeRel|x64.ActiveCfg = MinSizeRel|x64
		{A301C017-68AF-33BA-8E42-F5E09EDC49DC}.MinSizeRel|x64.Build.0 = MinSizeRel|x64
		{A301C017-68AF-33BA-8E42-F5E09EDC49DC}.RelWithDebInfo|x64.ActiveCfg = RelWithDebInfo|x64
		{A301C017-68AF-33BA-8E42-F5E09EDC49DC}.RelWithDebInfo|x64.Build.0 = RelWithDebInfo|x64
		{1D6E2441-03C6-3C3D-83CA-7F85937FFC79}.Debug|x64.ActiveCfg = Debug|x64
		{1D6E2441-03C6-3C3D-83CA-7F85937FFC79}.Debug|x64.Build.0 = Debug|x64
		{1D6E2441-03C6-3C3D-83CA-7F85937FFC79}.Release|x64.ActiveCfg = Release|x64
		{1D6E2441-03C6-3C3D-83CA-7F85937FFC79}.Release|x64.Build.0 = Release|x64
		{1D6E2441-03C6-3C3D-83CA-7F85937FFC79}.MinSizeRel|x64.ActiveCfg = MinSizeRel|x64
		{1D6E2441-03C6-3C3D-83CA-7F85937FFC79}.MinSizeRel|x64.Build.0 = MinSizeRel|x64
		{1D6E2441-03C6-3C3D-83CA-7F85937FFC79}.RelWithDebInfo|x64.ActiveCfg = RelWithDebInfo|x64
		{1D6E2441-03C6-3C3D-83CA-7F85937FFC79}.RelWithDebInfo|x64.Build.0 = RelWithDebInfo|x64
		{802805D4-1B7F-3F54-A99F-FE7D5046A166}.Debug|x64.ActiveCfg = Debug|x64
		{802805D4-1B7F-3F54-A99F-FE7D5046A166}.Debug|x64.Build.0 = Debug|x64
		{802805D4-1B7F-3F54-A99F-FE7D5046A166}.Release|x64.ActiveCfg = Release|x64
		{802805D4-1B7F-3F54-A99F-FE7D5046A166}.Release|x64.Build.0 = Release|x64
		{802805D4-1B7F-3F54-A99F-FE7D5046A166}.MinSizeRel|x64.ActiveCfg = MinSizeRel|x64
		{802805D4-1B7F-3F54-A99F-FE7D5046A166}.MinSizeRel|x64.Build.0 = MinSizeRel|x64
		{802805D4-1B7F-3F54-A99F-FE7D5046A166}.RelWithDebInfo|x64.ActiveCfg = RelWithDebInfo|x64
		{802805D4-1B7F-3F54-A99F-FE7D5046A166}.RelWithDebInfo|x64.Build.0 = RelWithDebInfo|x64
		{D857EB2D-BB02-3EAD-BF0D-7ED46E149294}.Debug|x64.ActiveCfg = Debug|x64
		{D857EB2D-BB02-3EAD-BF0D-7ED46E149294}.Debug|x64.Build.0 = Debug|x64
		{D857EB2D-BB02-3EAD-BF0D-7ED46E149294}.Release|x64.ActiveCfg = Release|x64
		{D857EB2D-BB02-3EAD-BF0D-7ED46E149294}.Release|x64.Build.0 = Release|x64
		{D857EB2D-BB02-3EAD-BF0D-7ED46E149294}.MinSizeRel|x64.ActiveCfg = MinSizeRel|x64
		{D857EB2D-BB02-3EAD-BF0D-7ED46E149294}.MinSizeRel|x64.Build.0 = MinSizeRel|x64
		{D857EB2D-BB02-3EAD-BF0D-7ED46E149294}.RelWithDebInfo|x64.ActiveCfg = RelWithDebInfo|x64
		{D857EB2D-BB02-3EAD-BF0D-7ED46E149294}.RelWithDebInfo|x64.Build.0 = RelWithDebInfo|x64
		{01D864BE-1635-35DB-B569-A2B2B1D7621A}.Debug|x64.ActiveCfg = Debug|x64
		{01D864BE-1635-35DB-B569-A2B2B1D7621A}.Debug|x64.Build.0 = Debug|x64
		{01D864BE-1635-35DB-B569-A2B2B1D7621A}.Release|x64.ActiveCfg = Release|x64
		{01D864BE-1635-35DB-B569-A2B2B1D7621A}.Release|x64.Build.0 = Release|x64
		{01D864BE-1635-35DB-B569-A2B2B1D7621A}.MinSizeRel|x64.ActiveCfg = MinSizeRel|x64
		{01D864BE-1635-35DB-B569-A2B2B1D7621A}.MinSizeRel|x64.Build.0 = MinSizeRel|x64
		{01D864BE-1635-35DB-B569-A2B2B1D7621A}.RelWithDebInfo|x64.ActiveCfg = RelWithDebInfo|x64
		{01D864BE-1635-35DB-B569-A2B2B1D7621A}.RelWithDebInfo|x64.Build.0 = RelWithDebInfo|x64
	EndGlobalSection
	GlobalSection(ExtensibilityGlobals) = postSolution
		SolutionGuid = {C9008FA9-7B2D-32BE-AE23-350609A8B1E7}
	EndGlobalSection
	GlobalSection(ExtensibilityAddIns) = postSolution
	EndGlobalSection
EndGlobal
