
Microsoft Visual Studio Solution File, Format Version 12.00
# Visual Studio Version 17
Project("{8BC9CEB8-8B4A-11D0-8D11-00A0C91BC942}") = "ALL_BUILD", "ALL_BUILD.vcxproj", "{780D2AF0-C97A-3B7D-8BEF-7856CCCA4A37}"
	ProjectSection(ProjectDependencies) = postProject
		{8d538cbe-01bf-4a2e-a98a-6c368fdf13d7} = {8d538cbe-01bf-4a2e-a98a-6c368fdf13d7}
		{8bd3552a-2cfb-4a59-ab15-2031b97ada1e} = {8bd3552a-2cfb-4a59-ab15-2031b97ada1e}
		{4531BB00-429F-362C-95F1-96817E35FB32} = {4531BB00-429F-362C-95F1-96817E35FB32}
		{AEEE08EB-EDFC-3BCA-943A-B1E54E216ACE} = {AEEE08EB-EDFC-3BCA-943A-B1E54E216ACE}
		{56B10007-C209-31FD-B002-4E26DB9F3B82} = {56B10007-C209-31FD-B002-4E26DB9F3B82}
		{CB475DBC-68D0-3608-9404-8D3DCC1F042C} = {CB475DBC-68D0-3608-9404-8D3DCC1F042C}
		{A98033ED-74D8-31E5-B136-83E954D68242} = {A98033ED-74D8-31E5-B136-83E954D68242}
		{14D73D4D-41BF-354F-B6AC-51D124962993} = {14D73D4D-41BF-354F-B6AC-51D124962993}
		{8751D5D7-7979-3C81-8C95-ABCB165811B6} = {8751D5D7-7979-3C81-8C95-ABCB165811B6}
		{68EC1E26-C819-37B8-9A01-4DBD32840227} = {68EC1E26-C819-37B8-9A01-4DBD32840227}
		{67F9143F-12D8-359C-A344-B611D2B8D742} = {67F9143F-12D8-359C-A344-B611D2B8D742}
		{829A71C2-130A-3556-9C6A-5829A5DB74AA} = {829A71C2-130A-3556-9C6A-5829A5DB74AA}
		{850FAC58-9F88-3B79-87E0-6975098CE4DA} = {850FAC58-9F88-3B79-87E0-6975098CE4DA}
		{19CF2E19-87B1-3A91-A2B0-AA094DB52CA7} = {19CF2E19-87B1-3A91-A2B0-AA094DB52CA7}
		{79355BD7-DFC1-3E35-8468-F3F096D8DC37} = {79355BD7-DFC1-3E35-8468-F3F096D8DC37}
		{492EA388-FEF6-3075-818F-CE2D3E6136E1} = {492EA388-FEF6-3075-818F-CE2D3E6136E1}
		{A4BF82E4-95DF-3F8F-9CF4-8695F705B182} = {A4BF82E4-95DF-3F8F-9CF4-8695F705B182}
		{71E7C5E7-F0A6-34F3-8009-5A223AF82C34} = {71E7C5E7-F0A6-34F3-8009-5A223AF82C34}
		{6517B500-0F21-30D8-B210-73FDE9AF8A43} = {6517B500-0F21-30D8-B210-73FDE9AF8A43}
		{AD4082E9-A16F-3844-BBBF-43DA26A0E5B7} = {AD4082E9-A16F-3844-BBBF-43DA26A0E5B7}
		{4C75EF6D-B160-3A0F-A1EC-14EB3C8602D6} = {4C75EF6D-B160-3A0F-A1EC-14EB3C8602D6}
		{989BE574-0300-3901-867A-DA9B9A28C9A7} = {989BE574-0300-3901-867A-DA9B9A28C9A7}
		{494D776F-D581-30ED-A9E5-9835355C47AB} = {494D776F-D581-30ED-A9E5-9835355C47AB}
		{033C2E4A-023D-3F6A-9C1E-78D0C8684A15} = {033C2E4A-023D-3F6A-9C1E-78D0C8684A15}
		{D85DAEF4-8EC3-3D34-8542-1FD54A37A069} = {D85DAEF4-8EC3-3D34-8542-1FD54A37A069}
		{BD9D01A2-BE99-3EA3-86C2-E07EFBF98DAB} = {BD9D01A2-BE99-3EA3-86C2-E07EFBF98DAB}
		{85D4D941-0CBE-3113-8FC7-FB495199A6C2} = {85D4D941-0CBE-3113-8FC7-FB495199A6C2}
		{0675F94A-E789-34D2-82A1-739851655A35} = {0675F94A-E789-34D2-82A1-739851655A35}
		{B2723C50-CFAF-340F-AB4B-45AA0F32A45A} = {B2723C50-CFAF-340F-AB4B-45AA0F32A45A}
		{FAFDAFEB-6ADC-3539-B8E2-AF1A961631F1} = {FAFDAFEB-6ADC-3539-B8E2-AF1A961631F1}
		{8B97B3B5-4A9A-3040-848D-4126C430C7D8} = {8B97B3B5-4A9A-3040-848D-4126C430C7D8}
		{71F05871-CDBA-39AC-A680-53797DA0107B} = {71F05871-CDBA-39AC-A680-53797DA0107B}
		{28C3B174-4EB7-366F-BBEC-E8C551944C58} = {28C3B174-4EB7-366F-BBEC-E8C551944C58}
		{818C1E26-1A25-3C8B-9FD4-9A9B35D97DF4} = {818C1E26-1A25-3C8B-9FD4-9A9B35D97DF4}
		{47F6EFAA-F089-3F6B-9DFC-62C915F5E902} = {47F6EFAA-F089-3F6B-9DFC-62C915F5E902}
		{40FF3A63-C928-31F7-BE5E-690EA58F939F} = {40FF3A63-C928-31F7-BE5E-690EA58F939F}
		{DBB647EC-BFB0-395E-98A6-1538356D0968} = {DBB647EC-BFB0-395E-98A6-1538356D0968}
		{717067C1-C4CD-3CE3-B2B4-4B97B0641FB8} = {717067C1-C4CD-3CE3-B2B4-4B97B0641FB8}
		{14B14383-5F55-3358-858A-6EEB64B912CE} = {14B14383-5F55-3358-858A-6EEB64B912CE}
		{023044F8-E665-3137-9E12-EB2C9B4C5B40} = {023044F8-E665-3137-9E12-EB2C9B4C5B40}
		{1D451DDF-406B-33C7-99F2-D836B4098035} = {1D451DDF-406B-33C7-99F2-D836B4098035}
		{F0A4BD6F-DD63-3329-BCBE-7F5856277CB6} = {F0A4BD6F-DD63-3329-BCBE-7F5856277CB6}
		{5C0050D4-B47C-338D-8160-BBEEA4CFE338} = {5C0050D4-B47C-338D-8160-BBEEA4CFE338}
		{4ACB6CBB-7CB7-3986-A28D-4CCBDE61A323} = {4ACB6CBB-7CB7-3986-A28D-4CCBDE61A323}
	EndProjectSection
EndProject
Project("{8BC9CEB8-8B4A-11D0-8D11-00A0C91BC942}") = "Catch2", "_deps\catch2-build\src\Catch2.vcxproj", "{8d538cbe-01bf-4a2e-a98a-6c368fdf13d7}"
	ProjectSection(ProjectDependencies) = postProject
		{CB475DBC-68D0-3608-9404-8D3DCC1F042C} = {CB475DBC-68D0-3608-9404-8D3DCC1F042C}
	EndProjectSection
EndProject
Project("{8BC9CEB8-8B4A-11D0-8D11-00A0C91BC942}") = "Catch2WithMain", "_deps\catch2-build\src\Catch2WithMain.vcxproj", "{8bd3552a-2cfb-4a59-ab15-2031b97ada1e}"
	ProjectSection(ProjectDependencies) = postProject
		{8d538cbe-01bf-4a2e-a98a-6c368fdf13d7} = {8d538cbe-01bf-4a2e-a98a-6c368fdf13d7}
		{CB475DBC-68D0-3608-9404-8D3DCC1F042C} = {CB475DBC-68D0-3608-9404-8D3DCC1F042C}
	EndProjectSection
EndProject
Project("{8BC9CEB8-8B4A-11D0-8D11-00A0C91BC942}") = "Continuous", "Continuous.vcxproj", "{153258C0-3140-3868-ABE9-BD0B27D8240B}"
	ProjectSection(ProjectDependencies) = postProject
		{CB475DBC-68D0-3608-9404-8D3DCC1F042C} = {CB475DBC-68D0-3608-9404-8D3DCC1F042C}
	EndProjectSection
EndProject
Project("{8BC9CEB8-8B4A-11D0-8D11-00A0C91BC942}") = "Experimental", "Experimental.vcxproj", "{C3B8A997-8956-376E-BFF1-4E00502382EE}"
	ProjectSection(ProjectDependencies) = postProject
		{CB475DBC-68D0-3608-9404-8D3DCC1F042C} = {CB475DBC-68D0-3608-9404-8D3DCC1F042C}
	EndProjectSection
EndProject
Project("{8BC9CEB8-8B4A-11D0-8D11-00A0C91BC942}") = "INSTALL", "INSTALL.vcxproj", "{29C41569-FDDA-390B-918D-5D4CF69C6495}"
	ProjectSection(ProjectDependencies) = postProject
		{780D2AF0-C97A-3B7D-8BEF-7856CCCA4A37} = {780D2AF0-C97A-3B7D-8BEF-7856CCCA4A37}
		{CB475DBC-68D0-3608-9404-8D3DCC1F042C} = {CB475DBC-68D0-3608-9404-8D3DCC1F042C}
	EndProjectSection
EndProject
Project("{8BC9CEB8-8B4A-11D0-8D11-00A0C91BC942}") = "Nightly", "Nightly.vcxproj", "{30B56280-51A1-3D6D-ACDE-4BE464D5EBCC}"
	ProjectSection(ProjectDependencies) = postProject
		{CB475DBC-68D0-3608-9404-8D3DCC1F042C} = {CB475DBC-68D0-3608-9404-8D3DCC1F042C}
	EndProjectSection
EndProject
Project("{8BC9CEB8-8B4A-11D0-8D11-00A0C91BC942}") = "NightlyMemoryCheck", "NightlyMemoryCheck.vcxproj", "{1FAB12C9-5564-3C23-9E45-EA5E30A6278A}"
	ProjectSection(ProjectDependencies) = postProject
		{CB475DBC-68D0-3608-9404-8D3DCC1F042C} = {CB475DBC-68D0-3608-9404-8D3DCC1F042C}
	EndProjectSection
EndProject
Project("{8BC9CEB8-8B4A-11D0-8D11-00A0C91BC942}") = "PACKAGE", "PACKAGE.vcxproj", "{91559926-8C7F-3B22-949F-1B0B8FC79291}"
	ProjectSection(ProjectDependencies) = postProject
		{780D2AF0-C97A-3B7D-8BEF-7856CCCA4A37} = {780D2AF0-C97A-3B7D-8BEF-7856CCCA4A37}
		{CB475DBC-68D0-3608-9404-8D3DCC1F042C} = {CB475DBC-68D0-3608-9404-8D3DCC1F042C}
	EndProjectSection
EndProject
Project("{8BC9CEB8-8B4A-11D0-8D11-00A0C91BC942}") = "RUN_TESTS", "RUN_TESTS.vcxproj", "{EFF4C5B9-AD12-371A-B18A-78A8D31AB72B}"
	ProjectSection(ProjectDependencies) = postProject
		{CB475DBC-68D0-3608-9404-8D3DCC1F042C} = {CB475DBC-68D0-3608-9404-8D3DCC1F042C}
	EndProjectSection
EndProject
Project("{8BC9CEB8-8B4A-11D0-8D11-00A0C91BC942}") = "SDL2-static", "_deps\sdl2-build\SDL2-static.vcxproj", "{4531BB00-429F-362C-95F1-96817E35FB32}"
	ProjectSection(ProjectDependencies) = postProject
		{CB475DBC-68D0-3608-9404-8D3DCC1F042C} = {CB475DBC-68D0-3608-9404-8D3DCC1F042C}
		{8AEC12CF-B5CE-359B-A2AA-E6E705C8302A} = {8AEC12CF-B5CE-359B-A2AA-E6E705C8302A}
	EndProjectSection
EndProject
Project("{8BC9CEB8-8B4A-11D0-8D11-00A0C91BC942}") = "SDL2_test", "_deps\sdl2-build\SDL2_test.vcxproj", "{AEEE08EB-EDFC-3BCA-943A-B1E54E216ACE}"
	ProjectSection(ProjectDependencies) = postProject
		{CB475DBC-68D0-3608-9404-8D3DCC1F042C} = {CB475DBC-68D0-3608-9404-8D3DCC1F042C}
		{8AEC12CF-B5CE-359B-A2AA-E6E705C8302A} = {8AEC12CF-B5CE-359B-A2AA-E6E705C8302A}
	EndProjectSection
EndProject
Project("{8BC9CEB8-8B4A-11D0-8D11-00A0C91BC942}") = "SDL2main", "_deps\sdl2-build\SDL2main.vcxproj", "{56B10007-C209-31FD-B002-4E26DB9F3B82}"
	ProjectSection(ProjectDependencies) = postProject
		{CB475DBC-68D0-3608-9404-8D3DCC1F042C} = {CB475DBC-68D0-3608-9404-8D3DCC1F042C}
		{8AEC12CF-B5CE-359B-A2AA-E6E705C8302A} = {8AEC12CF-B5CE-359B-A2AA-E6E705C8302A}
	EndProjectSection
EndProject
Project("{8BC9CEB8-8B4A-11D0-8D11-00A0C91BC942}") = "ZERO_CHECK", "ZERO_CHECK.vcxproj", "{CB475DBC-68D0-3608-9404-8D3DCC1F042C}"
	ProjectSection(ProjectDependencies) = postProject
	EndProjectSection
EndProject
Project("{8BC9CEB8-8B4A-11D0-8D11-00A0C91BC942}") = "api-test", "_deps\quickjs_ng-build\api-test.vcxproj", "{A98033ED-74D8-31E5-B136-83E954D68242}"
	ProjectSection(ProjectDependencies) = postProject
		{CB475DBC-68D0-3608-9404-8D3DCC1F042C} = {CB475DBC-68D0-3608-9404-8D3DCC1F042C}
		{68EC1E26-C819-37B8-9A01-4DBD32840227} = {68EC1E26-C819-37B8-9A01-4DBD32840227}
	EndProjectSection
EndProject
Project("{8BC9CEB8-8B4A-11D0-8D11-00A0C91BC942}") = "function_source", "_deps\quickjs_ng-build\function_source.vcxproj", "{14D73D4D-41BF-354F-B6AC-51D124962993}"
	ProjectSection(ProjectDependencies) = postProject
		{CB475DBC-68D0-3608-9404-8D3DCC1F042C} = {CB475DBC-68D0-3608-9404-8D3DCC1F042C}
		{68EC1E26-C819-37B8-9A01-4DBD32840227} = {68EC1E26-C819-37B8-9A01-4DBD32840227}
	EndProjectSection
EndProject
Project("{8BC9CEB8-8B4A-11D0-8D11-00A0C91BC942}") = "imgui", "imgui.vcxproj", "{8751D5D7-7979-3C81-8C95-ABCB165811B6}"
	ProjectSection(ProjectDependencies) = postProject
		{CB475DBC-68D0-3608-9404-8D3DCC1F042C} = {CB475DBC-68D0-3608-9404-8D3DCC1F042C}
	EndProjectSection
EndProject
Project("{8BC9CEB8-8B4A-11D0-8D11-00A0C91BC942}") = "qjs", "_deps\quickjs_ng-build\qjs.vcxproj", "{68EC1E26-C819-37B8-9A01-4DBD32840227}"
	ProjectSection(ProjectDependencies) = postProject
		{CB475DBC-68D0-3608-9404-8D3DCC1F042C} = {CB475DBC-68D0-3608-9404-8D3DCC1F042C}
	EndProjectSection
EndProject
Project("{8BC9CEB8-8B4A-11D0-8D11-00A0C91BC942}") = "qjs_exe", "_deps\quickjs_ng-build\qjs_exe.vcxproj", "{67F9143F-12D8-359C-A344-B611D2B8D742}"
	ProjectSection(ProjectDependencies) = postProject
		{CB475DBC-68D0-3608-9404-8D3DCC1F042C} = {CB475DBC-68D0-3608-9404-8D3DCC1F042C}
		{68EC1E26-C819-37B8-9A01-4DBD32840227} = {68EC1E26-C819-37B8-9A01-4DBD32840227}
	EndProjectSection
EndProject
Project("{8BC9CEB8-8B4A-11D0-8D11-00A0C91BC942}") = "qjsc", "_deps\quickjs_ng-build\qjsc.vcxproj", "{829A71C2-130A-3556-9C6A-5829A5DB74AA}"
	ProjectSection(ProjectDependencies) = postProject
		{CB475DBC-68D0-3608-9404-8D3DCC1F042C} = {CB475DBC-68D0-3608-9404-8D3DCC1F042C}
		{68EC1E26-C819-37B8-9A01-4DBD32840227} = {68EC1E26-C819-37B8-9A01-4DBD32840227}
	EndProjectSection
EndProject
Project("{8BC9CEB8-8B4A-11D0-8D11-00A0C91BC942}") = "run-test262", "_deps\quickjs_ng-build\run-test262.vcxproj", "{850FAC58-9F88-3B79-87E0-6975098CE4DA}"
	ProjectSection(ProjectDependencies) = postProject
		{CB475DBC-68D0-3608-9404-8D3DCC1F042C} = {CB475DBC-68D0-3608-9404-8D3DCC1F042C}
		{68EC1E26-C819-37B8-9A01-4DBD32840227} = {68EC1E26-C819-37B8-9A01-4DBD32840227}
	EndProjectSection
EndProject
Project("{8BC9CEB8-8B4A-11D0-8D11-00A0C91BC942}") = "sdl_headers_copy", "_deps\sdl2-build\sdl_headers_copy.vcxproj", "{8AEC12CF-B5CE-359B-A2AA-E6E705C8302A}"
	ProjectSection(ProjectDependencies) = postProject
		{CB475DBC-68D0-3608-9404-8D3DCC1F042C} = {CB475DBC-68D0-3608-9404-8D3DCC1F042C}
	EndProjectSection
EndProject
Project("{8BC9CEB8-8B4A-11D0-8D11-00A0C91BC942}") = "unicode_gen", "_deps\quickjs_ng-build\unicode_gen.vcxproj", "{4B376C83-C470-3995-B6DB-C3EF3B8E75DE}"
	ProjectSection(ProjectDependencies) = postProject
		{CB475DBC-68D0-3608-9404-8D3DCC1F042C} = {CB475DBC-68D0-3608-9404-8D3DCC1F042C}
	EndProjectSection
EndProject
Project("{8BC9CEB8-8B4A-11D0-8D11-00A0C91BC942}") = "uninstall", "_deps\sdl2-build\uninstall.vcxproj", "{B51E671B-04DC-3863-8A03-9FA54AFD3B7A}"
	ProjectSection(ProjectDependencies) = postProject
		{CB475DBC-68D0-3608-9404-8D3DCC1F042C} = {CB475DBC-68D0-3608-9404-8D3DCC1F042C}
	EndProjectSection
EndProject
Project("{8BC9CEB8-8B4A-11D0-8D11-00A0C91BC942}") = "urpg_audio", "urpg_audio.vcxproj", "{19CF2E19-87B1-3A91-A2B0-AA094DB52CA7}"
	ProjectSection(ProjectDependencies) = postProject
		{4531BB00-429F-362C-95F1-96817E35FB32} = {4531BB00-429F-362C-95F1-96817E35FB32}
		{CB475DBC-68D0-3608-9404-8D3DCC1F042C} = {CB475DBC-68D0-3608-9404-8D3DCC1F042C}
		{8751D5D7-7979-3C81-8C95-ABCB165811B6} = {8751D5D7-7979-3C81-8C95-ABCB165811B6}
		{68EC1E26-C819-37B8-9A01-4DBD32840227} = {68EC1E26-C819-37B8-9A01-4DBD32840227}
		{79355BD7-DFC1-3E35-8468-F3F096D8DC37} = {79355BD7-DFC1-3E35-8468-F3F096D8DC37}
		{14B14383-5F55-3358-858A-6EEB64B912CE} = {14B14383-5F55-3358-858A-6EEB64B912CE}
	EndProjectSection
EndProject
Project("{8BC9CEB8-8B4A-11D0-8D11-00A0C91BC942}") = "urpg_audio_objects", "urpg_audio_objects.vcxproj", "{79355BD7-DFC1-3E35-8468-F3F096D8DC37}"
	ProjectSection(ProjectDependencies) = postProject
		{4531BB00-429F-362C-95F1-96817E35FB32} = {4531BB00-429F-362C-95F1-96817E35FB32}
		{CB475DBC-68D0-3608-9404-8D3DCC1F042C} = {CB475DBC-68D0-3608-9404-8D3DCC1F042C}
		{8751D5D7-7979-3C81-8C95-ABCB165811B6} = {8751D5D7-7979-3C81-8C95-ABCB165811B6}
		{68EC1E26-C819-37B8-9A01-4DBD32840227} = {68EC1E26-C819-37B8-9A01-4DBD32840227}
	EndProjectSection
EndProject
Project("{8BC9CEB8-8B4A-11D0-8D11-00A0C91BC942}") = "urpg_audio_smoke", "urpg_audio_smoke.vcxproj", "{492EA388-FEF6-3075-818F-CE2D3E6136E1}"
	ProjectSection(ProjectDependencies) = postProject
		{4531BB00-429F-362C-95F1-96817E35FB32} = {4531BB00-429F-362C-95F1-96817E35FB32}
		{CB475DBC-68D0-3608-9404-8D3DCC1F042C} = {CB475DBC-68D0-3608-9404-8D3DCC1F042C}
		{8751D5D7-7979-3C81-8C95-ABCB165811B6} = {8751D5D7-7979-3C81-8C95-ABCB165811B6}
		{68EC1E26-C819-37B8-9A01-4DBD32840227} = {68EC1E26-C819-37B8-9A01-4DBD32840227}
		{19CF2E19-87B1-3A91-A2B0-AA094DB52CA7} = {19CF2E19-87B1-3A91-A2B0-AA094DB52CA7}
		{14B14383-5F55-3358-858A-6EEB64B912CE} = {14B14383-5F55-3358-858A-6EEB64B912CE}
	EndProjectSection
EndProject
Project("{8BC9CEB8-8B4A-11D0-8D11-00A0C91BC942}") = "urpg_compat_mz", "urpg_compat_mz.vcxproj", "{A4BF82E4-95DF-3F8F-9CF4-8695F705B182}"
	ProjectSection(ProjectDependencies) = postProject
		{4531BB00-429F-362C-95F1-96817E35FB32} = {4531BB00-429F-362C-95F1-96817E35FB32}
		{CB475DBC-68D0-3608-9404-8D3DCC1F042C} = {CB475DBC-68D0-3608-9404-8D3DCC1F042C}
		{8751D5D7-7979-3C81-8C95-ABCB165811B6} = {8751D5D7-7979-3C81-8C95-ABCB165811B6}
		{68EC1E26-C819-37B8-9A01-4DBD32840227} = {68EC1E26-C819-37B8-9A01-4DBD32840227}
		{19CF2E19-87B1-3A91-A2B0-AA094DB52CA7} = {19CF2E19-87B1-3A91-A2B0-AA094DB52CA7}
		{71E7C5E7-F0A6-34F3-8009-5A223AF82C34} = {71E7C5E7-F0A6-34F3-8009-5A223AF82C34}
		{40FF3A63-C928-31F7-BE5E-690EA58F939F} = {40FF3A63-C928-31F7-BE5E-690EA58F939F}
		{14B14383-5F55-3358-858A-6EEB64B912CE} = {14B14383-5F55-3358-858A-6EEB64B912CE}
	EndProjectSection
EndProject
Project("{8BC9CEB8-8B4A-11D0-8D11-00A0C91BC942}") = "urpg_compat_mz_objects", "urpg_compat_mz_objects.vcxproj", "{71E7C5E7-F0A6-34F3-8009-5A223AF82C34}"
	ProjectSection(ProjectDependencies) = postProject
		{4531BB00-429F-362C-95F1-96817E35FB32} = {4531BB00-429F-362C-95F1-96817E35FB32}
		{CB475DBC-68D0-3608-9404-8D3DCC1F042C} = {CB475DBC-68D0-3608-9404-8D3DCC1F042C}
		{8751D5D7-7979-3C81-8C95-ABCB165811B6} = {8751D5D7-7979-3C81-8C95-ABCB165811B6}
		{68EC1E26-C819-37B8-9A01-4DBD32840227} = {68EC1E26-C819-37B8-9A01-4DBD32840227}
	EndProjectSection
EndProject
Project("{8BC9CEB8-8B4A-11D0-8D11-00A0C91BC942}") = "urpg_compat_tests", "urpg_compat_tests.vcxproj", "{6517B500-0F21-30D8-B210-73FDE9AF8A43}"
	ProjectSection(ProjectDependencies) = postProject
		{8d538cbe-01bf-4a2e-a98a-6c368fdf13d7} = {8d538cbe-01bf-4a2e-a98a-6c368fdf13d7}
		{8bd3552a-2cfb-4a59-ab15-2031b97ada1e} = {8bd3552a-2cfb-4a59-ab15-2031b97ada1e}
		{4531BB00-429F-362C-95F1-96817E35FB32} = {4531BB00-429F-362C-95F1-96817E35FB32}
		{CB475DBC-68D0-3608-9404-8D3DCC1F042C} = {CB475DBC-68D0-3608-9404-8D3DCC1F042C}
		{8751D5D7-7979-3C81-8C95-ABCB165811B6} = {8751D5D7-7979-3C81-8C95-ABCB165811B6}
		{68EC1E26-C819-37B8-9A01-4DBD32840227} = {68EC1E26-C819-37B8-9A01-4DBD32840227}
		{19CF2E19-87B1-3A91-A2B0-AA094DB52CA7} = {19CF2E19-87B1-3A91-A2B0-AA094DB52CA7}
		{A4BF82E4-95DF-3F8F-9CF4-8695F705B182} = {A4BF82E4-95DF-3F8F-9CF4-8695F705B182}
		{4C75EF6D-B160-3A0F-A1EC-14EB3C8602D6} = {4C75EF6D-B160-3A0F-A1EC-14EB3C8602D6}
		{494D776F-D581-30ED-A9E5-9835355C47AB} = {494D776F-D581-30ED-A9E5-9835355C47AB}
		{D85DAEF4-8EC3-3D34-8542-1FD54A37A069} = {D85DAEF4-8EC3-3D34-8542-1FD54A37A069}
		{818C1E26-1A25-3C8B-9FD4-9A9B35D97DF4} = {818C1E26-1A25-3C8B-9FD4-9A9B35D97DF4}
		{40FF3A63-C928-31F7-BE5E-690EA58F939F} = {40FF3A63-C928-31F7-BE5E-690EA58F939F}
		{14B14383-5F55-3358-858A-6EEB64B912CE} = {14B14383-5F55-3358-858A-6EEB64B912CE}
		{F0A4BD6F-DD63-3329-BCBE-7F5856277CB6} = {F0A4BD6F-DD63-3329-BCBE-7F5856277CB6}
	EndProjectSection
EndProject
Project("{8BC9CEB8-8B4A-11D0-8D11-00A0C91BC942}") = "urpg_editor", "urpg_editor.vcxproj", "{AD4082E9-A16F-3844-BBBF-43DA26A0E5B7}"
	ProjectSection(ProjectDependencies) = postProject
		{4531BB00-429F-362C-95F1-96817E35FB32} = {4531BB00-429F-362C-95F1-96817E35FB32}
		{CB475DBC-68D0-3608-9404-8D3DCC1F042C} = {CB475DBC-68D0-3608-9404-8D3DCC1F042C}
		{8751D5D7-7979-3C81-8C95-ABCB165811B6} = {8751D5D7-7979-3C81-8C95-ABCB165811B6}
		{68EC1E26-C819-37B8-9A01-4DBD32840227} = {68EC1E26-C819-37B8-9A01-4DBD32840227}
		{19CF2E19-87B1-3A91-A2B0-AA094DB52CA7} = {19CF2E19-87B1-3A91-A2B0-AA094DB52CA7}
		{A4BF82E4-95DF-3F8F-9CF4-8695F705B182} = {A4BF82E4-95DF-3F8F-9CF4-8695F705B182}
		{4C75EF6D-B160-3A0F-A1EC-14EB3C8602D6} = {4C75EF6D-B160-3A0F-A1EC-14EB3C8602D6}
		{494D776F-D581-30ED-A9E5-9835355C47AB} = {494D776F-D581-30ED-A9E5-9835355C47AB}
		{D85DAEF4-8EC3-3D34-8542-1FD54A37A069} = {D85DAEF4-8EC3-3D34-8542-1FD54A37A069}
		{818C1E26-1A25-3C8B-9FD4-9A9B35D97DF4} = {818C1E26-1A25-3C8B-9FD4-9A9B35D97DF4}
		{40FF3A63-C928-31F7-BE5E-690EA58F939F} = {40FF3A63-C928-31F7-BE5E-690EA58F939F}
		{14B14383-5F55-3358-858A-6EEB64B912CE} = {14B14383-5F55-3358-858A-6EEB64B912CE}
		{F0A4BD6F-DD63-3329-BCBE-7F5856277CB6} = {F0A4BD6F-DD63-3329-BCBE-7F5856277CB6}
	EndProjectSection
EndProject
Project("{8BC9CEB8-8B4A-11D0-8D11-00A0C91BC942}") = "urpg_editor_core", "urpg_editor_core.vcxproj", "{4C75EF6D-B160-3A0F-A1EC-14EB3C8602D6}"
	ProjectSection(ProjectDependencies) = postProject
		{4531BB00-429F-362C-95F1-96817E35FB32} = {4531BB00-429F-362C-95F1-96817E35FB32}
		{CB475DBC-68D0-3608-9404-8D3DCC1F042C} = {CB475DBC-68D0-3608-9404-8D3DCC1F042C}
		{8751D5D7-7979-3C81-8C95-ABCB165811B6} = {8751D5D7-7979-3C81-8C95-ABCB165811B6}
		{68EC1E26-C819-37B8-9A01-4DBD32840227} = {68EC1E26-C819-37B8-9A01-4DBD32840227}
		{989BE574-0300-3901-867A-DA9B9A28C9A7} = {989BE574-0300-3901-867A-DA9B9A28C9A7}
		{14B14383-5F55-3358-858A-6EEB64B912CE} = {14B14383-5F55-3358-858A-6EEB64B912CE}
	EndProjectSection
EndProject
Project("{8BC9CEB8-8B4A-11D0-8D11-00A0C91BC942}") = "urpg_editor_core_objects", "urpg_editor_core_objects.vcxproj", "{989BE574-0300-3901-867A-DA9B9A28C9A7}"
	ProjectSection(ProjectDependencies) = postProject
		{4531BB00-429F-362C-95F1-96817E35FB32} = {4531BB00-429F-362C-95F1-96817E35FB32}
		{CB475DBC-68D0-3608-9404-8D3DCC1F042C} = {CB475DBC-68D0-3608-9404-8D3DCC1F042C}
		{8751D5D7-7979-3C81-8C95-ABCB165811B6} = {8751D5D7-7979-3C81-8C95-ABCB165811B6}
		{68EC1E26-C819-37B8-9A01-4DBD32840227} = {68EC1E26-C819-37B8-9A01-4DBD32840227}
	EndProjectSection
EndProject
Project("{8BC9CEB8-8B4A-11D0-8D11-00A0C91BC942}") = "urpg_editor_panels", "urpg_editor_panels.vcxproj", "{494D776F-D581-30ED-A9E5-9835355C47AB}"
	ProjectSection(ProjectDependencies) = postProject
		{4531BB00-429F-362C-95F1-96817E35FB32} = {4531BB00-429F-362C-95F1-96817E35FB32}
		{CB475DBC-68D0-3608-9404-8D3DCC1F042C} = {CB475DBC-68D0-3608-9404-8D3DCC1F042C}
		{8751D5D7-7979-3C81-8C95-ABCB165811B6} = {8751D5D7-7979-3C81-8C95-ABCB165811B6}
		{68EC1E26-C819-37B8-9A01-4DBD32840227} = {68EC1E26-C819-37B8-9A01-4DBD32840227}
		{19CF2E19-87B1-3A91-A2B0-AA094DB52CA7} = {19CF2E19-87B1-3A91-A2B0-AA094DB52CA7}
		{A4BF82E4-95DF-3F8F-9CF4-8695F705B182} = {A4BF82E4-95DF-3F8F-9CF4-8695F705B182}
		{4C75EF6D-B160-3A0F-A1EC-14EB3C8602D6} = {4C75EF6D-B160-3A0F-A1EC-14EB3C8602D6}
		{033C2E4A-023D-3F6A-9C1E-78D0C8684A15} = {033C2E4A-023D-3F6A-9C1E-78D0C8684A15}
		{D85DAEF4-8EC3-3D34-8542-1FD54A37A069} = {D85DAEF4-8EC3-3D34-8542-1FD54A37A069}
		{818C1E26-1A25-3C8B-9FD4-9A9B35D97DF4} = {818C1E26-1A25-3C8B-9FD4-9A9B35D97DF4}
		{40FF3A63-C928-31F7-BE5E-690EA58F939F} = {40FF3A63-C928-31F7-BE5E-690EA58F939F}
		{14B14383-5F55-3358-858A-6EEB64B912CE} = {14B14383-5F55-3358-858A-6EEB64B912CE}
	EndProjectSection
EndProject
Project("{8BC9CEB8-8B4A-11D0-8D11-00A0C91BC942}") = "urpg_editor_panels_objects", "urpg_editor_panels_objects.vcxproj", "{033C2E4A-023D-3F6A-9C1E-78D0C8684A15}"
	ProjectSection(ProjectDependencies) = postProject
		{4531BB00-429F-362C-95F1-96817E35FB32} = {4531BB00-429F-362C-95F1-96817E35FB32}
		{CB475DBC-68D0-3608-9404-8D3DCC1F042C} = {CB475DBC-68D0-3608-9404-8D3DCC1F042C}
		{8751D5D7-7979-3C81-8C95-ABCB165811B6} = {8751D5D7-7979-3C81-8C95-ABCB165811B6}
		{68EC1E26-C819-37B8-9A01-4DBD32840227} = {68EC1E26-C819-37B8-9A01-4DBD32840227}
	EndProjectSection
EndProject
Project("{8BC9CEB8-8B4A-11D0-8D11-00A0C91BC942}") = "urpg_export", "urpg_export.vcxproj", "{D85DAEF4-8EC3-3D34-8542-1FD54A37A069}"
	ProjectSection(ProjectDependencies) = postProject
		{4531BB00-429F-362C-95F1-96817E35FB32} = {4531BB00-429F-362C-95F1-96817E35FB32}
		{CB475DBC-68D0-3608-9404-8D3DCC1F042C} = {CB475DBC-68D0-3608-9404-8D3DCC1F042C}
		{8751D5D7-7979-3C81-8C95-ABCB165811B6} = {8751D5D7-7979-3C81-8C95-ABCB165811B6}
		{68EC1E26-C819-37B8-9A01-4DBD32840227} = {68EC1E26-C819-37B8-9A01-4DBD32840227}
		{BD9D01A2-BE99-3EA3-86C2-E07EFBF98DAB} = {BD9D01A2-BE99-3EA3-86C2-E07EFBF98DAB}
		{40FF3A63-C928-31F7-BE5E-690EA58F939F} = {40FF3A63-C928-31F7-BE5E-690EA58F939F}
		{14B14383-5F55-3358-858A-6EEB64B912CE} = {14B14383-5F55-3358-858A-6EEB64B912CE}
	EndProjectSection
EndProject
Project("{8BC9CEB8-8B4A-11D0-8D11-00A0C91BC942}") = "urpg_export_objects", "urpg_export_objects.vcxproj", "{BD9D01A2-BE99-3EA3-86C2-E07EFBF98DAB}"
	ProjectSection(ProjectDependencies) = postProject
		{4531BB00-429F-362C-95F1-96817E35FB32} = {4531BB00-429F-362C-95F1-96817E35FB32}
		{CB475DBC-68D0-3608-9404-8D3DCC1F042C} = {CB475DBC-68D0-3608-9404-8D3DCC1F042C}
		{8751D5D7-7979-3C81-8C95-ABCB165811B6} = {8751D5D7-7979-3C81-8C95-ABCB165811B6}
		{68EC1E26-C819-37B8-9A01-4DBD32840227} = {68EC1E26-C819-37B8-9A01-4DBD32840227}
	EndProjectSection
EndProject
Project("{8BC9CEB8-8B4A-11D0-8D11-00A0C91BC942}") = "urpg_export_smoke_app", "urpg_export_smoke_app.vcxproj", "{85D4D941-0CBE-3113-8FC7-FB495199A6C2}"
	ProjectSection(ProjectDependencies) = postProject
		{4531BB00-429F-362C-95F1-96817E35FB32} = {4531BB00-429F-362C-95F1-96817E35FB32}
		{CB475DBC-68D0-3608-9404-8D3DCC1F042C} = {CB475DBC-68D0-3608-9404-8D3DCC1F042C}
		{8751D5D7-7979-3C81-8C95-ABCB165811B6} = {8751D5D7-7979-3C81-8C95-ABCB165811B6}
		{68EC1E26-C819-37B8-9A01-4DBD32840227} = {68EC1E26-C819-37B8-9A01-4DBD32840227}
		{19CF2E19-87B1-3A91-A2B0-AA094DB52CA7} = {19CF2E19-87B1-3A91-A2B0-AA094DB52CA7}
		{A4BF82E4-95DF-3F8F-9CF4-8695F705B182} = {A4BF82E4-95DF-3F8F-9CF4-8695F705B182}
		{4C75EF6D-B160-3A0F-A1EC-14EB3C8602D6} = {4C75EF6D-B160-3A0F-A1EC-14EB3C8602D6}
		{494D776F-D581-30ED-A9E5-9835355C47AB} = {494D776F-D581-30ED-A9E5-9835355C47AB}
		{D85DAEF4-8EC3-3D34-8542-1FD54A37A069} = {D85DAEF4-8EC3-3D34-8542-1FD54A37A069}
		{818C1E26-1A25-3C8B-9FD4-9A9B35D97DF4} = {818C1E26-1A25-3C8B-9FD4-9A9B35D97DF4}
		{40FF3A63-C928-31F7-BE5E-690EA58F939F} = {40FF3A63-C928-31F7-BE5E-690EA58F939F}
		{14B14383-5F55-3358-858A-6EEB64B912CE} = {14B14383-5F55-3358-858A-6EEB64B912CE}
		{F0A4BD6F-DD63-3329-BCBE-7F5856277CB6} = {F0A4BD6F-DD63-3329-BCBE-7F5856277CB6}
	EndProjectSection
EndProject
Project("{8BC9CEB8-8B4A-11D0-8D11-00A0C91BC942}") = "urpg_integration_tests", "urpg_integration_tests.vcxproj", "{0675F94A-E789-34D2-82A1-739851655A35}"
	ProjectSection(ProjectDependencies) = postProject
		{8d538cbe-01bf-4a2e-a98a-6c368fdf13d7} = {8d538cbe-01bf-4a2e-a98a-6c368fdf13d7}
		{8bd3552a-2cfb-4a59-ab15-2031b97ada1e} = {8bd3552a-2cfb-4a59-ab15-2031b97ada1e}
		{4531BB00-429F-362C-95F1-96817E35FB32} = {4531BB00-429F-362C-95F1-96817E35FB32}
		{CB475DBC-68D0-3608-9404-8D3DCC1F042C} = {CB475DBC-68D0-3608-9404-8D3DCC1F042C}
		{8751D5D7-7979-3C81-8C95-ABCB165811B6} = {8751D5D7-7979-3C81-8C95-ABCB165811B6}
		{68EC1E26-C819-37B8-9A01-4DBD32840227} = {68EC1E26-C819-37B8-9A01-4DBD32840227}
		{19CF2E19-87B1-3A91-A2B0-AA094DB52CA7} = {19CF2E19-87B1-3A91-A2B0-AA094DB52CA7}
		{A4BF82E4-95DF-3F8F-9CF4-8695F705B182} = {A4BF82E4-95DF-3F8F-9CF4-8695F705B182}
		{4C75EF6D-B160-3A0F-A1EC-14EB3C8602D6} = {4C75EF6D-B160-3A0F-A1EC-14EB3C8602D6}
		{494D776F-D581-30ED-A9E5-9835355C47AB} = {494D776F-D581-30ED-A9E5-9835355C47AB}
		{D85DAEF4-8EC3-3D34-8542-1FD54A37A069} = {D85DAEF4-8EC3-3D34-8542-1FD54A37A069}
		{85D4D941-0CBE-3113-8FC7-FB495199A6C2} = {85D4D941-0CBE-3113-8FC7-FB495199A6C2}
		{FAFDAFEB-6ADC-3539-B8E2-AF1A961631F1} = {FAFDAFEB-6ADC-3539-B8E2-AF1A961631F1}
		{818C1E26-1A25-3C8B-9FD4-9A9B35D97DF4} = {818C1E26-1A25-3C8B-9FD4-9A9B35D97DF4}
		{40FF3A63-C928-31F7-BE5E-690EA58F939F} = {40FF3A63-C928-31F7-BE5E-690EA58F939F}
		{14B14383-5F55-3358-858A-6EEB64B912CE} = {14B14383-5F55-3358-858A-6EEB64B912CE}
		{F0A4BD6F-DD63-3329-BCBE-7F5856277CB6} = {F0A4BD6F-DD63-3329-BCBE-7F5856277CB6}
	EndProjectSection
EndProject
Project("{8BC9CEB8-8B4A-11D0-8D11-00A0C91BC942}") = "urpg_migrate", "urpg_migrate.vcxproj", "{B2723C50-CFAF-340F-AB4B-45AA0F32A45A}"
	ProjectSection(ProjectDependencies) = postProject
		{4531BB00-429F-362C-95F1-96817E35FB32} = {4531BB00-429F-362C-95F1-96817E35FB32}
		{CB475DBC-68D0-3608-9404-8D3DCC1F042C} = {CB475DBC-68D0-3608-9404-8D3DCC1F042C}
		{8751D5D7-7979-3C81-8C95-ABCB165811B6} = {8751D5D7-7979-3C81-8C95-ABCB165811B6}
		{68EC1E26-C819-37B8-9A01-4DBD32840227} = {68EC1E26-C819-37B8-9A01-4DBD32840227}
		{19CF2E19-87B1-3A91-A2B0-AA094DB52CA7} = {19CF2E19-87B1-3A91-A2B0-AA094DB52CA7}
		{A4BF82E4-95DF-3F8F-9CF4-8695F705B182} = {A4BF82E4-95DF-3F8F-9CF4-8695F705B182}
		{4C75EF6D-B160-3A0F-A1EC-14EB3C8602D6} = {4C75EF6D-B160-3A0F-A1EC-14EB3C8602D6}
		{494D776F-D581-30ED-A9E5-9835355C47AB} = {494D776F-D581-30ED-A9E5-9835355C47AB}
		{D85DAEF4-8EC3-3D34-8542-1FD54A37A069} = {D85DAEF4-8EC3-3D34-8542-1FD54A37A069}
		{818C1E26-1A25-3C8B-9FD4-9A9B35D97DF4} = {818C1E26-1A25-3C8B-9FD4-9A9B35D97DF4}
		{40FF3A63-C928-31F7-BE5E-690EA58F939F} = {40FF3A63-C928-31F7-BE5E-690EA58F939F}
		{14B14383-5F55-3358-858A-6EEB64B912CE} = {14B14383-5F55-3358-858A-6EEB64B912CE}
		{F0A4BD6F-DD63-3329-BCBE-7F5856277CB6} = {F0A4BD6F-DD63-3329-BCBE-7F5856277CB6}
	EndProjectSection
EndProject
Project("{8BC9CEB8-8B4A-11D0-8D11-00A0C91BC942}") = "urpg_pack_cli", "urpg_pack_cli.vcxproj", "{FAFDAFEB-6ADC-3539-B8E2-AF1A961631F1}"
	ProjectSection(ProjectDependencies) = postProject
		{4531BB00-429F-362C-95F1-96817E35FB32} = {4531BB00-429F-362C-95F1-96817E35FB32}
		{CB475DBC-68D0-3608-9404-8D3DCC1F042C} = {CB475DBC-68D0-3608-9404-8D3DCC1F042C}
		{8751D5D7-7979-3C81-8C95-ABCB165811B6} = {8751D5D7-7979-3C81-8C95-ABCB165811B6}
		{68EC1E26-C819-37B8-9A01-4DBD32840227} = {68EC1E26-C819-37B8-9A01-4DBD32840227}
		{19CF2E19-87B1-3A91-A2B0-AA094DB52CA7} = {19CF2E19-87B1-3A91-A2B0-AA094DB52CA7}
		{A4BF82E4-95DF-3F8F-9CF4-8695F705B182} = {A4BF82E4-95DF-3F8F-9CF4-8695F705B182}
		{4C75EF6D-B160-3A0F-A1EC-14EB3C8602D6} = {4C75EF6D-B160-3A0F-A1EC-14EB3C8602D6}
		{494D776F-D581-30ED-A9E5-9835355C47AB} = {494D776F-D581-30ED-A9E5-9835355C47AB}
		{D85DAEF4-8EC3-3D34-8542-1FD54A37A069} = {D85DAEF4-8EC3-3D34-8542-1FD54A37A069}
		{818C1E26-1A25-3C8B-9FD4-9A9B35D97DF4} = {818C1E26-1A25-3C8B-9FD4-9A9B35D97DF4}
		{40FF3A63-C928-31F7-BE5E-690EA58F939F} = {40FF3A63-C928-31F7-BE5E-690EA58F939F}
		{14B14383-5F55-3358-858A-6EEB64B912CE} = {14B14383-5F55-3358-858A-6EEB64B912CE}
		{F0A4BD6F-DD63-3329-BCBE-7F5856277CB6} = {F0A4BD6F-DD63-3329-BCBE-7F5856277CB6}
	EndProjectSection
EndProject
Project("{8BC9CEB8-8B4A-11D0-8D11-00A0C91BC942}") = "urpg_presentation_release_validation", "urpg_presentation_release_validation.vcxproj", "{8B97B3B5-4A9A-3040-848D-4126C430C7D8}"
	ProjectSection(ProjectDependencies) = postProject
		{4531BB00-429F-362C-95F1-96817E35FB32} = {4531BB00-429F-362C-95F1-96817E35FB32}
		{CB475DBC-68D0-3608-9404-8D3DCC1F042C} = {CB475DBC-68D0-3608-9404-8D3DCC1F042C}
		{8751D5D7-7979-3C81-8C95-ABCB165811B6} = {8751D5D7-7979-3C81-8C95-ABCB165811B6}
		{68EC1E26-C819-37B8-9A01-4DBD32840227} = {68EC1E26-C819-37B8-9A01-4DBD32840227}
		{19CF2E19-87B1-3A91-A2B0-AA094DB52CA7} = {19CF2E19-87B1-3A91-A2B0-AA094DB52CA7}
		{A4BF82E4-95DF-3F8F-9CF4-8695F705B182} = {A4BF82E4-95DF-3F8F-9CF4-8695F705B182}
		{4C75EF6D-B160-3A0F-A1EC-14EB3C8602D6} = {4C75EF6D-B160-3A0F-A1EC-14EB3C8602D6}
		{494D776F-D581-30ED-A9E5-9835355C47AB} = {494D776F-D581-30ED-A9E5-9835355C47AB}
		{D85DAEF4-8EC3-3D34-8542-1FD54A37A069} = {D85DAEF4-8EC3-3D34-8542-1FD54A37A069}
		{818C1E26-1A25-3C8B-9FD4-9A9B35D97DF4} = {818C1E26-1A25-3C8B-9FD4-9A9B35D97DF4}
		{40FF3A63-C928-31F7-BE5E-690EA58F939F} = {40FF3A63-C928-31F7-BE5E-690EA58F939F}
		{14B14383-5F55-3358-858A-6EEB64B912CE} = {14B14383-5F55-3358-858A-6EEB64B912CE}
		{F0A4BD6F-DD63-3329-BCBE-7F5856277CB6} = {F0A4BD6F-DD63-3329-BCBE-7F5856277CB6}
	EndProjectSection
EndProject
Project("{8BC9CEB8-8B4A-11D0-8D11-00A0C91BC942}") = "urpg_profile_arena", "urpg_profile_arena.vcxproj", "{71F05871-CDBA-39AC-A680-53797DA0107B}"
	ProjectSection(ProjectDependencies) = postProject
		{4531BB00-429F-362C-95F1-96817E35FB32} = {4531BB00-429F-362C-95F1-96817E35FB32}
		{CB475DBC-68D0-3608-9404-8D3DCC1F042C} = {CB475DBC-68D0-3608-9404-8D3DCC1F042C}
		{8751D5D7-7979-3C81-8C95-ABCB165811B6} = {8751D5D7-7979-3C81-8C95-ABCB165811B6}
		{68EC1E26-C819-37B8-9A01-4DBD32840227} = {68EC1E26-C819-37B8-9A01-4DBD32840227}
		{19CF2E19-87B1-3A91-A2B0-AA094DB52CA7} = {19CF2E19-87B1-3A91-A2B0-AA094DB52CA7}
		{A4BF82E4-95DF-3F8F-9CF4-8695F705B182} = {A4BF82E4-95DF-3F8F-9CF4-8695F705B182}
		{4C75EF6D-B160-3A0F-A1EC-14EB3C8602D6} = {4C75EF6D-B160-3A0F-A1EC-14EB3C8602D6}
		{494D776F-D581-30ED-A9E5-9835355C47AB} = {494D776F-D581-30ED-A9E5-9835355C47AB}
		{D85DAEF4-8EC3-3D34-8542-1FD54A37A069} = {D85DAEF4-8EC3-3D34-8542-1FD54A37A069}
		{818C1E26-1A25-3C8B-9FD4-9A9B35D97DF4} = {818C1E26-1A25-3C8B-9FD4-9A9B35D97DF4}
		{40FF3A63-C928-31F7-BE5E-690EA58F939F} = {40FF3A63-C928-31F7-BE5E-690EA58F939F}
		{14B14383-5F55-3358-858A-6EEB64B912CE} = {14B14383-5F55-3358-858A-6EEB64B912CE}
		{F0A4BD6F-DD63-3329-BCBE-7F5856277CB6} = {F0A4BD6F-DD63-3329-BCBE-7F5856277CB6}
	EndProjectSection
EndProject
Project("{8BC9CEB8-8B4A-11D0-8D11-00A0C91BC942}") = "urpg_project_audit", "urpg_project_audit.vcxproj", "{28C3B174-4EB7-366F-BBEC-E8C551944C58}"
	ProjectSection(ProjectDependencies) = postProject
		{4531BB00-429F-362C-95F1-96817E35FB32} = {4531BB00-429F-362C-95F1-96817E35FB32}
		{CB475DBC-68D0-3608-9404-8D3DCC1F042C} = {CB475DBC-68D0-3608-9404-8D3DCC1F042C}
		{8751D5D7-7979-3C81-8C95-ABCB165811B6} = {8751D5D7-7979-3C81-8C95-ABCB165811B6}
		{68EC1E26-C819-37B8-9A01-4DBD32840227} = {68EC1E26-C819-37B8-9A01-4DBD32840227}
		{19CF2E19-87B1-3A91-A2B0-AA094DB52CA7} = {19CF2E19-87B1-3A91-A2B0-AA094DB52CA7}
		{A4BF82E4-95DF-3F8F-9CF4-8695F705B182} = {A4BF82E4-95DF-3F8F-9CF4-8695F705B182}
		{4C75EF6D-B160-3A0F-A1EC-14EB3C8602D6} = {4C75EF6D-B160-3A0F-A1EC-14EB3C8602D6}
		{494D776F-D581-30ED-A9E5-9835355C47AB} = {494D776F-D581-30ED-A9E5-9835355C47AB}
		{D85DAEF4-8EC3-3D34-8542-1FD54A37A069} = {D85DAEF4-8EC3-3D34-8542-1FD54A37A069}
		{818C1E26-1A25-3C8B-9FD4-9A9B35D97DF4} = {818C1E26-1A25-3C8B-9FD4-9A9B35D97DF4}
		{40FF3A63-C928-31F7-BE5E-690EA58F939F} = {40FF3A63-C928-31F7-BE5E-690EA58F939F}
		{14B14383-5F55-3358-858A-6EEB64B912CE} = {14B14383-5F55-3358-858A-6EEB64B912CE}
		{F0A4BD6F-DD63-3329-BCBE-7F5856277CB6} = {F0A4BD6F-DD63-3329-BCBE-7F5856277CB6}
	EndProjectSection
EndProject
Project("{8BC9CEB8-8B4A-11D0-8D11-00A0C91BC942}") = "urpg_project_tools", "urpg_project_tools.vcxproj", "{818C1E26-1A25-3C8B-9FD4-9A9B35D97DF4}"
	ProjectSection(ProjectDependencies) = postProject
		{4531BB00-429F-362C-95F1-96817E35FB32} = {4531BB00-429F-362C-95F1-96817E35FB32}
		{CB475DBC-68D0-3608-9404-8D3DCC1F042C} = {CB475DBC-68D0-3608-9404-8D3DCC1F042C}
		{8751D5D7-7979-3C81-8C95-ABCB165811B6} = {8751D5D7-7979-3C81-8C95-ABCB165811B6}
		{68EC1E26-C819-37B8-9A01-4DBD32840227} = {68EC1E26-C819-37B8-9A01-4DBD32840227}
		{D85DAEF4-8EC3-3D34-8542-1FD54A37A069} = {D85DAEF4-8EC3-3D34-8542-1FD54A37A069}
		{47F6EFAA-F089-3F6B-9DFC-62C915F5E902} = {47F6EFAA-F089-3F6B-9DFC-62C915F5E902}
		{40FF3A63-C928-31F7-BE5E-690EA58F939F} = {40FF3A63-C928-31F7-BE5E-690EA58F939F}
		{14B14383-5F55-3358-858A-6EEB64B912CE} = {14B14383-5F55-3358-858A-6EEB64B912CE}
	EndProjectSection
EndProject
Project("{8BC9CEB8-8B4A-11D0-8D11-00A0C91BC942}") = "urpg_project_tools_objects", "urpg_project_tools_objects.vcxproj", "{47F6EFAA-F089-3F6B-9DFC-62C915F5E902}"
	ProjectSection(ProjectDependencies) = postProject
		{4531BB00-429F-362C-95F1-96817E35FB32} = {4531BB00-429F-362C-95F1-96817E35FB32}
		{CB475DBC-68D0-3608-9404-8D3DCC1F042C} = {CB475DBC-68D0-3608-9404-8D3DCC1F042C}
		{8751D5D7-7979-3C81-8C95-ABCB165811B6} = {8751D5D7-7979-3C81-8C95-ABCB165811B6}
		{68EC1E26-C819-37B8-9A01-4DBD32840227} = {68EC1E26-C819-37B8-9A01-4DBD32840227}
	EndProjectSection
EndProject
Project("{8BC9CEB8-8B4A-11D0-8D11-00A0C91BC942}") = "urpg_rendering", "urpg_rendering.vcxproj", "{40FF3A63-C928-31F7-BE5E-690EA58F939F}"
	ProjectSection(ProjectDependencies) = postProject
		{4531BB00-429F-362C-95F1-96817E35FB32} = {4531BB00-429F-362C-95F1-96817E35FB32}
		{CB475DBC-68D0-3608-9404-8D3DCC1F042C} = {CB475DBC-68D0-3608-9404-8D3DCC1F042C}
		{8751D5D7-7979-3C81-8C95-ABCB165811B6} = {8751D5D7-7979-3C81-8C95-ABCB165811B6}
		{68EC1E26-C819-37B8-9A01-4DBD32840227} = {68EC1E26-C819-37B8-9A01-4DBD32840227}
		{DBB647EC-BFB0-395E-98A6-1538356D0968} = {DBB647EC-BFB0-395E-98A6-1538356D0968}
		{14B14383-5F55-3358-858A-6EEB64B912CE} = {14B14383-5F55-3358-858A-6EEB64B912CE}
	EndProjectSection
EndProject
Project("{8BC9CEB8-8B4A-11D0-8D11-00A0C91BC942}") = "urpg_rendering_objects", "urpg_rendering_objects.vcxproj", "{DBB647EC-BFB0-395E-98A6-1538356D0968}"
	ProjectSection(ProjectDependencies) = postProject
		{4531BB00-429F-362C-95F1-96817E35FB32} = {4531BB00-429F-362C-95F1-96817E35FB32}
		{CB475DBC-68D0-3608-9404-8D3DCC1F042C} = {CB475DBC-68D0-3608-9404-8D3DCC1F042C}
		{8751D5D7-7979-3C81-8C95-ABCB165811B6} = {8751D5D7-7979-3C81-8C95-ABCB165811B6}
		{68EC1E26-C819-37B8-9A01-4DBD32840227} = {68EC1E26-C819-37B8-9A01-4DBD32840227}
	EndProjectSection
EndProject
Project("{8BC9CEB8-8B4A-11D0-8D11-00A0C91BC942}") = "urpg_runtime", "urpg_runtime.vcxproj", "{717067C1-C4CD-3CE3-B2B4-4B97B0641FB8}"
	ProjectSection(ProjectDependencies) = postProject
		{4531BB00-429F-362C-95F1-96817E35FB32} = {4531BB00-429F-362C-95F1-96817E35FB32}
		{CB475DBC-68D0-3608-9404-8D3DCC1F042C} = {CB475DBC-68D0-3608-9404-8D3DCC1F042C}
		{8751D5D7-7979-3C81-8C95-ABCB165811B6} = {8751D5D7-7979-3C81-8C95-ABCB165811B6}
		{68EC1E26-C819-37B8-9A01-4DBD32840227} = {68EC1E26-C819-37B8-9A01-4DBD32840227}
		{19CF2E19-87B1-3A91-A2B0-AA094DB52CA7} = {19CF2E19-87B1-3A91-A2B0-AA094DB52CA7}
		{A4BF82E4-95DF-3F8F-9CF4-8695F705B182} = {A4BF82E4-95DF-3F8F-9CF4-8695F705B182}
		{D85DAEF4-8EC3-3D34-8542-1FD54A37A069} = {D85DAEF4-8EC3-3D34-8542-1FD54A37A069}
		{818C1E26-1A25-3C8B-9FD4-9A9B35D97DF4} = {818C1E26-1A25-3C8B-9FD4-9A9B35D97DF4}
		{40FF3A63-C928-31F7-BE5E-690EA58F939F} = {40FF3A63-C928-31F7-BE5E-690EA58F939F}
		{14B14383-5F55-3358-858A-6EEB64B912CE} = {14B14383-5F55-3358-858A-6EEB64B912CE}
	EndProjectSection
EndProject
Project("{8BC9CEB8-8B4A-11D0-8D11-00A0C91BC942}") = "urpg_runtime_core", "urpg_runtime_core.vcxproj", "{14B14383-5F55-3358-858A-6EEB64B912CE}"
	ProjectSection(ProjectDependencies) = postProject
		{4531BB00-429F-362C-95F1-96817E35FB32} = {4531BB00-429F-362C-95F1-96817E35FB32}
		{CB475DBC-68D0-3608-9404-8D3DCC1F042C} = {CB475DBC-68D0-3608-9404-8D3DCC1F042C}
		{8751D5D7-7979-3C81-8C95-ABCB165811B6} = {8751D5D7-7979-3C81-8C95-ABCB165811B6}
		{68EC1E26-C819-37B8-9A01-4DBD32840227} = {68EC1E26-C819-37B8-9A01-4DBD32840227}
		{023044F8-E665-3137-9E12-EB2C9B4C5B40} = {023044F8-E665-3137-9E12-EB2C9B4C5B40}
	EndProjectSection
EndProject
Project("{8BC9CEB8-8B4A-11D0-8D11-00A0C91BC942}") = "urpg_runtime_core_objects", "urpg_runtime_core_objects.vcxproj", "{023044F8-E665-3137-9E12-EB2C9B4C5B40}"
	ProjectSection(ProjectDependencies) = postProject
		{4531BB00-429F-362C-95F1-96817E35FB32} = {4531BB00-429F-362C-95F1-96817E35FB32}
		{CB475DBC-68D0-3608-9404-8D3DCC1F042C} = {CB475DBC-68D0-3608-9404-8D3DCC1F042C}
		{8751D5D7-7979-3C81-8C95-ABCB165811B6} = {8751D5D7-7979-3C81-8C95-ABCB165811B6}
		{68EC1E26-C819-37B8-9A01-4DBD32840227} = {68EC1E26-C819-37B8-9A01-4DBD32840227}
	EndProjectSection
EndProject
Project("{8BC9CEB8-8B4A-11D0-8D11-00A0C91BC942}") = "urpg_snapshot_tests", "urpg_snapshot_tests.vcxproj", "{1D451DDF-406B-33C7-99F2-D836B4098035}"
	ProjectSection(ProjectDependencies) = postProject
		{8d538cbe-01bf-4a2e-a98a-6c368fdf13d7} = {8d538cbe-01bf-4a2e-a98a-6c368fdf13d7}
		{8bd3552a-2cfb-4a59-ab15-2031b97ada1e} = {8bd3552a-2cfb-4a59-ab15-2031b97ada1e}
		{4531BB00-429F-362C-95F1-96817E35FB32} = {4531BB00-429F-362C-95F1-96817E35FB32}
		{CB475DBC-68D0-3608-9404-8D3DCC1F042C} = {CB475DBC-68D0-3608-9404-8D3DCC1F042C}
		{8751D5D7-7979-3C81-8C95-ABCB165811B6} = {8751D5D7-7979-3C81-8C95-ABCB165811B6}
		{68EC1E26-C819-37B8-9A01-4DBD32840227} = {68EC1E26-C819-37B8-9A01-4DBD32840227}
		{19CF2E19-87B1-3A91-A2B0-AA094DB52CA7} = {19CF2E19-87B1-3A91-A2B0-AA094DB52CA7}
		{A4BF82E4-95DF-3F8F-9CF4-8695F705B182} = {A4BF82E4-95DF-3F8F-9CF4-8695F705B182}
		{4C75EF6D-B160-3A0F-A1EC-14EB3C8602D6} = {4C75EF6D-B160-3A0F-A1EC-14EB3C8602D6}
		{494D776F-D581-30ED-A9E5-9835355C47AB} = {494D776F-D581-30ED-A9E5-9835355C47AB}
		{D85DAEF4-8EC3-3D34-8542-1FD54A37A069} = {D85DAEF4-8EC3-3D34-8542-1FD54A37A069}
		{818C1E26-1A25-3C8B-9FD4-9A9B35D97DF4} = {818C1E26-1A25-3C8B-9FD4-9A9B35D97DF4}
		{40FF3A63-C928-31F7-BE5E-690EA58F939F} = {40FF3A63-C928-31F7-BE5E-690EA58F939F}
		{14B14383-5F55-3358-858A-6EEB64B912CE} = {14B14383-5F55-3358-858A-6EEB64B912CE}
		{F0A4BD6F-DD63-3329-BCBE-7F5856277CB6} = {F0A4BD6F-DD63-3329-BCBE-7F5856277CB6}
	EndProjectSection
EndProject
Project("{8BC9CEB8-8B4A-11D0-8D11-00A0C91BC942}") = "urpg_testing_support", "urpg_testing_support.vcxproj", "{F0A4BD6F-DD63-3329-BCBE-7F5856277CB6}"
	ProjectSection(ProjectDependencies) = postProject
		{4531BB00-429F-362C-95F1-96817E35FB32} = {4531BB00-429F-362C-95F1-96817E35FB32}
		{CB475DBC-68D0-3608-9404-8D3DCC1F042C} = {CB475DBC-68D0-3608-9404-8D3DCC1F042C}
		{8751D5D7-7979-3C81-8C95-ABCB165811B6} = {8751D5D7-7979-3C81-8C95-ABCB165811B6}
		{68EC1E26-C819-37B8-9A01-4DBD32840227} = {68EC1E26-C819-37B8-9A01-4DBD32840227}
		{40FF3A63-C928-31F7-BE5E-690EA58F939F} = {40FF3A63-C928-31F7-BE5E-690EA58F939F}
		{14B14383-5F55-3358-858A-6EEB64B912CE} = {14B14383-5F55-3358-858A-6EEB64B912CE}
		{5C0050D4-B47C-338D-8160-BBEEA4CFE338} = {5C0050D4-B47C-338D-8160-BBEEA4CFE338}
	EndProjectSection
EndProject
Project("{8BC9CEB8-8B4A-11D0-8D11-00A0C91BC942}") = "urpg_testing_support_objects", "urpg_testing_support_objects.vcxproj", "{5C0050D4-B47C-338D-8160-BBEEA4CFE338}"
	ProjectSection(ProjectDependencies) = postProject
		{4531BB00-429F-362C-95F1-96817E35FB32} = {4531BB00-429F-362C-95F1-96817E35FB32}
		{CB475DBC-68D0-3608-9404-8D3DCC1F042C} = {CB475DBC-68D0-3608-9404-8D3DCC1F042C}
		{8751D5D7-7979-3C81-8C95-ABCB165811B6} = {8751D5D7-7979-3C81-8C95-ABCB165811B6}
		{68EC1E26-C819-37B8-9A01-4DBD32840227} = {68EC1E26-C819-37B8-9A01-4DBD32840227}
	EndProjectSection
EndProject
Project("{8BC9CEB8-8B4A-11D0-8D11-00A0C91BC942}") = "urpg_tests", "urpg_tests.vcxproj", "{4ACB6CBB-7CB7-3986-A28D-4CCBDE61A323}"
	ProjectSection(ProjectDependencies) = postProject
		{8d538cbe-01bf-4a2e-a98a-6c368fdf13d7} = {8d538cbe-01bf-4a2e-a98a-6c368fdf13d7}
		{8bd3552a-2cfb-4a59-ab15-2031b97ada1e} = {8bd3552a-2cfb-4a59-ab15-2031b97ada1e}
		{4531BB00-429F-362C-95F1-96817E35FB32} = {4531BB00-429F-362C-95F1-96817E35FB32}
		{CB475DBC-68D0-3608-9404-8D3DCC1F042C} = {CB475DBC-68D0-3608-9404-8D3DCC1F042C}
		{8751D5D7-7979-3C81-8C95-ABCB165811B6} = {8751D5D7-7979-3C81-8C95-ABCB165811B6}
		{68EC1E26-C819-37B8-9A01-4DBD32840227} = {68EC1E26-C819-37B8-9A01-4DBD32840227}
		{19CF2E19-87B1-3A91-A2B0-AA094DB52CA7} = {19CF2E19-87B1-3A91-A2B0-AA094DB52CA7}
		{A4BF82E4-95DF-3F8F-9CF4-8695F705B182} = {A4BF82E4-95DF-3F8F-9CF4-8695F705B182}
		{4C75EF6D-B160-3A0F-A1EC-14EB3C8602D6} = {4C75EF6D-B160-3A0F-A1EC-14EB3C8602D6}
		{494D776F-D581-30ED-A9E5-9835355C47AB} = {494D776F-D581-30ED-A9E5-9835355C47AB}
		{D85DAEF4-8EC3-3D34-8542-1FD54A37A069} = {D85DAEF4-8EC3-3D34-8542-1FD54A37A069}
		{85D4D941-0CBE-3113-8FC7-FB495199A6C2} = {85D4D941-0CBE-3113-8FC7-FB495199A6C2}
		{FAFDAFEB-6ADC-3539-B8E2-AF1A961631F1} = {FAFDAFEB-6ADC-3539-B8E2-AF1A961631F1}
		{28C3B174-4EB7-366F-BBEC-E8C551944C58} = {28C3B174-4EB7-366F-BBEC-E8C551944C58}
		{818C1E26-1A25-3C8B-9FD4-9A9B35D97DF4} = {818C1E26-1A25-3C8B-9FD4-9A9B35D97DF4}
		{40FF3A63-C928-31F7-BE5E-690EA58F939F} = {40FF3A63-C928-31F7-BE5E-690EA58F939F}
		{14B14383-5F55-3358-858A-6EEB64B912CE} = {14B14383-5F55-3358-858A-6EEB64B912CE}
		{F0A4BD6F-DD63-3329-BCBE-7F5856277CB6} = {F0A4BD6F-DD63-3329-BCBE-7F5856277CB6}
	EndProjectSection
EndProject
Global
	GlobalSection(SolutionConfigurationPlatforms) = preSolution
		Debug|x64 = Debug|x64
		Release|x64 = Release|x64
		MinSizeRel|x64 = MinSizeRel|x64
		RelWithDebInfo|x64 = RelWithDebInfo|x64
	EndGlobalSection
	GlobalSection(ProjectConfigurationPlatforms) = postSolution
		{780D2AF0-C97A-3B7D-8BEF-7856CCCA4A37}.Debug|x64.ActiveCfg = Debug|x64
		{780D2AF0-C97A-3B7D-8BEF-7856CCCA4A37}.Debug|x64.Build.0 = Debug|x64
		{780D2AF0-C97A-3B7D-8BEF-7856CCCA4A37}.Release|x64.ActiveCfg = Release|x64
		{780D2AF0-C97A-3B7D-8BEF-7856CCCA4A37}.Release|x64.Build.0 = Release|x64
		{780D2AF0-C97A-3B7D-8BEF-7856CCCA4A37}.MinSizeRel|x64.ActiveCfg = MinSizeRel|x64
		{780D2AF0-C97A-3B7D-8BEF-7856CCCA4A37}.MinSizeRel|x64.Build.0 = MinSizeRel|x64
		{780D2AF0-C97A-3B7D-8BEF-7856CCCA4A37}.RelWithDebInfo|x64.ActiveCfg = RelWithDebInfo|x64
		{780D2AF0-C97A-3B7D-8BEF-7856CCCA4A37}.RelWithDebInfo|x64.Build.0 = RelWithDebInfo|x64
		{8d538cbe-01bf-4a2e-a98a-6c368fdf13d7}.Debug|x64.ActiveCfg = Debug|x64
		{8d538cbe-01bf-4a2e-a98a-6c368fdf13d7}.Debug|x64.Build.0 = Debug|x64
		{8d538cbe-01bf-4a2e-a98a-6c368fdf13d7}.Release|x64.ActiveCfg = Release|x64
		{8d538cbe-01bf-4a2e-a98a-6c368fdf13d7}.Release|x64.Build.0 = Release|x64
		{8d538cbe-01bf-4a2e-a98a-6c368fdf13d7}.MinSizeRel|x64.ActiveCfg = MinSizeRel|x64
		{8d538cbe-01bf-4a2e-a98a-6c368fdf13d7}.MinSizeRel|x64.Build.0 = MinSizeRel|x64
		{8d538cbe-01bf-4a2e-a98a-6c368fdf13d7}.RelWithDebInfo|x64.ActiveCfg = RelWithDebInfo|x64
		{8d538cbe-01bf-4a2e-a98a-6c368fdf13d7}.RelWithDebInfo|x64.Build.0 = RelWithDebInfo|x64
		{8bd3552a-2cfb-4a59-ab15-2031b97ada1e}.Debug|x64.ActiveCfg = Debug|x64
		{8bd3552a-2cfb-4a59-ab15-2031b97ada1e}.Debug|x64.Build.0 = Debug|x64
		{8bd3552a-2cfb-4a59-ab15-2031b97ada1e}.Release|x64.ActiveCfg = Release|x64
		{8bd3552a-2cfb-4a59-ab15-2031b97ada1e}.Release|x64.Build.0 = Release|x64
		{8bd3552a-2cfb-4a59-ab15-2031b97ada1e}.MinSizeRel|x64.ActiveCfg = MinSizeRel|x64
		{8bd3552a-2cfb-4a59-ab15-2031b97ada1e}.MinSizeRel|x64.Build.0 = MinSizeRel|x64
		{8bd3552a-2cfb-4a59-ab15-2031b97ada1e}.RelWithDebInfo|x64.ActiveCfg = RelWithDebInfo|x64
		{8bd3552a-2cfb-4a59-ab15-2031b97ada1e}.RelWithDebInfo|x64.Build.0 = RelWithDebInfo|x64
		{153258C0-3140-3868-ABE9-BD0B27D8240B}.Debug|x64.ActiveCfg = Debug|x64
		{153258C0-3140-3868-ABE9-BD0B27D8240B}.Release|x64.ActiveCfg = Release|x64
		{153258C0-3140-3868-ABE9-BD0B27D8240B}.MinSizeRel|x64.ActiveCfg = MinSizeRel|x64
		{153258C0-3140-3868-ABE9-BD0B27D8240B}.RelWithDebInfo|x64.ActiveCfg = RelWithDebInfo|x64
		{C3B8A997-8956-376E-BFF1-4E00502382EE}.Debug|x64.ActiveCfg = Debug|x64
		{C3B8A997-8956-376E-BFF1-4E00502382EE}.Release|x64.ActiveCfg = Release|x64
		{C3B8A997-8956-376E-BFF1-4E00502382EE}.MinSizeRel|x64.ActiveCfg = MinSizeRel|x64
		{C3B8A997-8956-376E-BFF1-4E00502382EE}.RelWithDebInfo|x64.ActiveCfg = RelWithDebInfo|x64
		{29C41569-FDDA-390B-918D-5D4CF69C6495}.Debug|x64.ActiveCfg = Debug|x64
		{29C41569-FDDA-390B-918D-5D4CF69C6495}.Release|x64.ActiveCfg = Release|x64
		{29C41569-FDDA-390B-918D-5D4CF69C6495}.MinSizeRel|x64.ActiveCfg = MinSizeRel|x64
		{29C41569-FDDA-390B-918D-5D4CF69C6495}.RelWithDebInfo|x64.ActiveCfg = RelWithDebInfo|x64
		{30B56280-51A1-3D6D-ACDE-4BE464D5EBCC}.Debug|x64.ActiveCfg = Debug|x64
		{30B56280-51A1-3D6D-ACDE-4BE464D5EBCC}.Release|x64.ActiveCfg = Release|x64
		{30B56280-51A1-3D6D-ACDE-4BE464D5EBCC}.MinSizeRel|x64.ActiveCfg = MinSizeRel|x64
		{30B56280-51A1-3D6D-ACDE-4BE464D5EBCC}.RelWithDebInfo|x64.ActiveCfg = RelWithDebInfo|x64
		{1FAB12C9-5564-3C23-9E45-EA5E30A6278A}.Debug|x64.ActiveCfg = Debug|x64
		{1FAB12C9-5564-3C23-9E45-EA5E30A6278A}.Release|x64.ActiveCfg = Release|x64
		{1FAB12C9-5564-3C23-9E45-EA5E30A6278A}.MinSizeRel|x64.ActiveCfg = MinSizeRel|x64
		{1FAB12C9-5564-3C23-9E45-EA5E30A6278A}.RelWithDebInfo|x64.ActiveCfg = RelWithDebInfo|x64
		{91559926-8C7F-3B22-949F-1B0B8FC79291}.Debug|x64.ActiveCfg = Debug|x64
		{91559926-8C7F-3B22-949F-1B0B8FC79291}.Release|x64.ActiveCfg = Release|x64
		{91559926-8C7F-3B22-949F-1B0B8FC79291}.MinSizeRel|x64.ActiveCfg = MinSizeRel|x64
		{91559926-8C7F-3B22-949F-1B0B8FC79291}.RelWithDebInfo|x64.ActiveCfg = RelWithDebInfo|x64
		{EFF4C5B9-AD12-371A-B18A-78A8D31AB72B}.Debug|x64.ActiveCfg = Debug|x64
		{EFF4C5B9-AD12-371A-B18A-78A8D31AB72B}.Release|x64.ActiveCfg = Release|x64
		{EFF4C5B9-AD12-371A-B18A-78A8D31AB72B}.MinSizeRel|x64.ActiveCfg = MinSizeRel|x64
		{EFF4C5B9-AD12-371A-B18A-78A8D31AB72B}.RelWithDebInfo|x64.ActiveCfg = RelWithDebInfo|x64
		{4531BB00-429F-362C-95F1-96817E35FB32}.Debug|x64.ActiveCfg = Debug|x64
		{4531BB00-429F-362C-95F1-96817E35FB32}.Debug|x64.Build.0 = Debug|x64
		{4531BB00-429F-362C-95F1-96817E35FB32}.Release|x64.ActiveCfg = Release|x64
		{4531BB00-429F-362C-95F1-96817E35FB32}.Release|x64.Build.0 = Release|x64
		{4531BB00-429F-362C-95F1-96817E35FB32}.MinSizeRel|x64.ActiveCfg = MinSizeRel|x64
		{4531BB00-429F-362C-95F1-96817E35FB32}.MinSizeRel|x64.Build.0 = MinSizeRel|x64
		{4531BB00-429F-362C-95F1-96817E35FB32}.RelWithDebInfo|x64.ActiveCfg = RelWithDebInfo|x64
		{4531BB00-429F-362C-95F1-96817E35FB32}.RelWithDebInfo|x64.Build.0 = RelWithDebInfo|x64
		{AEEE08EB-EDFC-3BCA-943A-B1E54E216ACE}.Debug|x64.ActiveCfg = Debug|x64
		{AEEE08EB-EDFC-3BCA-943A-B1E54E216ACE}.Debug|x64.Build.0 = Debug|x64
		{AEEE08EB-EDFC-3BCA-943A-B1E54E216ACE}.Release|x64.ActiveCfg = Release|x64
		{AEEE08EB-EDFC-3BCA-943A-B1E54E216ACE}.Release|x64.Build.0 = Release|x64
		{AEEE08EB-EDFC-3BCA-943A-B1E54E216ACE}.MinSizeRel|x64.ActiveCfg = MinSizeRel|x64
		{AEEE08EB-EDFC-3BCA-943A-B1E54E216ACE}.MinSizeRel|x64.Build.0 = MinSizeRel|x64
		{AEEE08EB-EDFC-3BCA-943A-B1E54E216ACE}.RelWithDebInfo|x64.ActiveCfg = RelWithDebInfo|x64
		{AEEE08EB-EDFC-3BCA-943A-B1E54E216ACE}.RelWithDebInfo|x64.Build.0 = RelWithDebInfo|x64
		{56B10007-C209-31FD-B002-4E26DB9F3B82}.Debug|x64.ActiveCfg = Debug|x64
		{56B10007-C209-31FD-B002-4E26DB9F3B82}.Debug|x64.Build.0 = Debug|x64
		{56B10007-C209-31FD-B002-4E26DB9F3B82}.Release|x64.ActiveCfg = Release|x64
		{56B10007-C209-31FD-B002-4E26DB9F3B82}.Release|x64.Build.0 = Release|x64
		{56B10007-C209-31FD-B002-4E26DB9F3B82}.MinSizeRel|x64.ActiveCfg = MinSizeRel|x64
		{56B10007-C209-31FD-B002-4E26DB9F3B82}.MinSizeRel|x64.Build.0 = MinSizeRel|x64
		{56B10007-C209-31FD-B002-4E26DB9F3B82}.RelWithDebInfo|x64.ActiveCfg = RelWithDebInfo|x64
		{56B10007-C209-31FD-B002-4E26DB9F3B82}.RelWithDebInfo|x64.Build.0 = RelWithDebInfo|x64
		{CB475DBC-68D0-3608-9404-8D3DCC1F042C}.Debug|x64.ActiveCfg = Debug|x64
		{CB475DBC-68D0-3608-9404-8D3DCC1F042C}.Debug|x64.Build.0 = Debug|x64
		{CB475DBC-68D0-3608-9404-8D3DCC1F042C}.Release|x64.ActiveCfg = Release|x64
		{CB475DBC-68D0-3608-9404-8D3DCC1F042C}.Release|x64.Build.0 = Release|x64
		{CB475DBC-68D0-3608-9404-8D3DCC1F042C}.MinSizeRel|x64.ActiveCfg = MinSizeRel|x64
		{CB475DBC-68D0-3608-9404-8D3DCC1F042C}.MinSizeRel|x64.Build.0 = MinSizeRel|x64
		{CB475DBC-68D0-3608-9404-8D3DCC1F042C}.RelWithDebInfo|x64.ActiveCfg = RelWithDebInfo|x64
		{CB475DBC-68D0-3608-9404-8D3DCC1F042C}.RelWithDebInfo|x64.Build.0 = RelWithDebInfo|x64
		{A98033ED-74D8-31E5-B136-83E954D68242}.Debug|x64.ActiveCfg = Debug|x64
		{A98033ED-74D8-31E5-B136-83E954D68242}.Debug|x64.Build.0 = Debug|x64
		{A98033ED-74D8-31E5-B136-83E954D68242}.Release|x64.ActiveCfg = Release|x64
		{A98033ED-74D8-31E5-B136-83E954D68242}.Release|x64.Build.0 = Release|x64
		{A98033ED-74D8-31E5-B136-83E954D68242}.MinSizeRel|x64.ActiveCfg = MinSizeRel|x64
		{A98033ED-74D8-31E5-B136-83E954D68242}.MinSizeRel|x64.Build.0 = MinSizeRel|x64
		{A98033ED-74D8-31E5-B136-83E954D68242}.RelWithDebInfo|x64.ActiveCfg = RelWithDebInfo|x64
		{A98033ED-74D8-31E5-B136-83E954D68242}.RelWithDebInfo|x64.Build.0 = RelWithDebInfo|x64
		{14D73D4D-41BF-354F-B6AC-51D124962993}.Debug|x64.ActiveCfg = Debug|x64
		{14D73D4D-41BF-354F-B6AC-51D124962993}.Debug|x64.Build.0 = Debug|x64
		{14D73D4D-41BF-354F-B6AC-51D124962993}.Release|x64.ActiveCfg = Release|x64
		{14D73D4D-41BF-354F-B6AC-51D124962993}.Release|x64.Build.0 = Release|x64
		{14D73D4D-41BF-354F-B6AC-51D124962993}.MinSizeRel|x64.ActiveCfg = MinSizeRel|x64
		{14D73D4D-41BF-354F-B6AC-51D124962993}.MinSizeRel|x64.Build.0 = MinSizeRel|x64
		{14D73D4D-41BF-354F-B6AC-51D124962993}.RelWithDebInfo|x64.ActiveCfg = RelWithDebInfo|x64
		{14D73D4D-41BF-354F-B6AC-51D124962993}.RelWithDebInfo|x64.Build.0 = RelWithDebInfo|x64
		{8751D5D7-7979-3C81-8C95-ABCB165811B6}.Debug|x64.ActiveCfg = Debug|x64
		{8751D5D7-7979-3C81-8C95-ABCB165811B6}.Debug|x64.Build.0 = Debug|x64
		{8751D5D7-7979-3C81-8C95-ABCB165811B6}.Release|x64.ActiveCfg = Release|x64
		{8751D5D7-7979-3C81-8C95-ABCB165811B6}.Release|x64.Build.0 = Release|x64
		{8751D5D7-7979-3C81-8C95-ABCB165811B6}.MinSizeRel|x64.ActiveCfg = MinSizeRel|x64
		{8751D5D7-7979-3C81-8C95-ABCB165811B6}.MinSizeRel|x64.Build.0 = MinSizeRel|x64
		{8751D5D7-7979-3C81-8C95-ABCB165811B6}.RelWithDebInfo|x64.ActiveCfg = RelWithDebInfo|x64
		{8751D5D7-7979-3C81-8C95-ABCB165811B6}.RelWithDebInfo|x64.Build.0 = RelWithDebInfo|x64
		{68EC1E26-C819-37B8-9A01-4DBD32840227}.Debug|x64.ActiveCfg = Debug|x64
		{68EC1E26-C819-37B8-9A01-4DBD32840227}.Debug|x64.Build.0 = Debug|x64
		{68EC1E26-C819-37B8-9A01-4DBD32840227}.Release|x64.ActiveCfg = Release|x64
		{68EC1E26-C819-37B8-9A01-4DBD32840227}.Release|x64.Build.0 = Release|x64
		{68EC1E26-C819-37B8-9A01-4DBD32840227}.MinSizeRel|x64.ActiveCfg = MinSizeRel|x64
		{68EC1E26-C819-37B8-9A01-4DBD32840227}.MinSizeRel|x64.Build.0 = MinSizeRel|x64
		{68EC1E26-C819-37B8-9A01-4DBD32840227}.RelWithDebInfo|x64.ActiveCfg = RelWithDebInfo|x64
		{68EC1E26-C819-37B8-9A01-4DBD32840227}.RelWithDebInfo|x64.Build.0 = RelWithDebInfo|x64
		{67F9143F-12D8-359C-A344-B611D2B8D742}.Debug|x64.ActiveCfg = Debug|x64
		{67F9143F-12D8-359C-A344-B611D2B8D742}.Debug|x64.Build.0 = Debug|x64
		{67F9143F-12D8-359C-A344-B611D2B8D742}.Release|x64.ActiveCfg = Release|x64
		{67F9143F-12D8-359C-A344-B611D2B8D742}.Release|x64.Build.0 = Release|x64
		{67F9143F-12D8-359C-A344-B611D2B8D742}.MinSizeRel|x64.ActiveCfg = MinSizeRel|x64
		{67F9143F-12D8-359C-A344-B611D2B8D742}.MinSizeRel|x64.Build.0 = MinSizeRel|x64
		{67F9143F-12D8-359C-A344-B611D2B8D742}.RelWithDebInfo|x64.ActiveCfg = RelWithDebInfo|x64
		{67F9143F-12D8-359C-A344-B611D2B8D742}.RelWithDebInfo|x64.Build.0 = RelWithDebInfo|x64
		{829A71C2-130A-3556-9C6A-5829A5DB74AA}.Debug|x64.ActiveCfg = Debug|x64
		{829A71C2-130A-3556-9C6A-5829A5DB74AA}.Debug|x64.Build.0 = Debug|x64
		{829A71C2-130A-3556-9C6A-5829A5DB74AA}.Release|x64.ActiveCfg = Release|x64
		{829A71C2-130A-3556-9C6A-5829A5DB74AA}.Release|x64.Build.0 = Release|x64
		{829A71C2-130A-3556-9C6A-5829A5DB74AA}.MinSizeRel|x64.ActiveCfg = MinSizeRel|x64
		{829A71C2-130A-3556-9C6A-5829A5DB74AA}.MinSizeRel|x64.Build.0 = MinSizeRel|x64
		{829A71C2-130A-3556-9C6A-5829A5DB74AA}.RelWithDebInfo|x64.ActiveCfg = RelWithDebInfo|x64
		{829A71C2-130A-3556-9C6A-5829A5DB74AA}.RelWithDebInfo|x64.Build.0 = RelWithDebInfo|x64
		{850FAC58-9F88-3B79-87E0-6975098CE4DA}.Debug|x64.ActiveCfg = Debug|x64
		{850FAC58-9F88-3B79-87E0-6975098CE4DA}.Debug|x64.Build.0 = Debug|x64
		{850FAC58-9F88-3B79-87E0-6975098CE4DA}.Release|x64.ActiveCfg = Release|x64
		{850FAC58-9F88-3B79-87E0-6975098CE4DA}.Release|x64.Build.0 = Release|x64
		{850FAC58-9F88-3B79-87E0-6975098CE4DA}.MinSizeRel|x64.ActiveCfg = MinSizeRel|x64
		{850FAC58-9F88-3B79-87E0-6975098CE4DA}.MinSizeRel|x64.Build.0 = MinSizeRel|x64
		{850FAC58-9F88-3B79-87E0-6975098CE4DA}.RelWithDebInfo|x64.ActiveCfg = RelWithDebInfo|x64
		{850FAC58-9F88-3B79-87E0-6975098CE4DA}.RelWithDebInfo|x64.Build.0 = RelWithDebInfo|x64
		{8AEC12CF-B5CE-359B-A2AA-E6E705C8302A}.Debug|x64.ActiveCfg = Debug|x64
		{8AEC12CF-B5CE-359B-A2AA-E6E705C8302A}.Debug|x64.Build.0 = Debug|x64
		{8AEC12CF-B5CE-359B-A2AA-E6E705C8302A}.Release|x64.ActiveCfg = Release|x64
		{8AEC12CF-B5CE-359B-A2AA-E6E705C8302A}.Release|x64.Build.0 = Release|x64
		{8AEC12CF-B5CE-359B-A2AA-E6E705C8302A}.MinSizeRel|x64.ActiveCfg = MinSizeRel|x64
		{8AEC12CF-B5CE-359B-A2AA-E6E705C8302A}.MinSizeRel|x64.Build.0 = MinSizeRel|x64
		{8AEC12CF-B5CE-359B-A2AA-E6E705C8302A}.RelWithDebInfo|x64.ActiveCfg = RelWithDebInfo|x64
		{8AEC12CF-B5CE-359B-A2AA-E6E705C8302A}.RelWithDebInfo|x64.Build.0 = RelWithDebInfo|x64
		{4B376C83-C470-3995-B6DB-C3EF3B8E75DE}.Debug|x64.ActiveCfg = Debug|x64
		{4B376C83-C470-3995-B6DB-C3EF3B8E75DE}.Debug|x64.Build.0 = Debug|x64
		{4B376C83-C470-3995-B6DB-C3EF3B8E75DE}.Release|x64.ActiveCfg = Release|x64
		{4B376C83-C470-3995-B6DB-C3EF3B8E75DE}.Release|x64.Build.0 = Release|x64
		{4B376C83-C470-3995-B6DB-C3EF3B8E75DE}.MinSizeRel|x64.ActiveCfg = MinSizeRel|x64
		{4B376C83-C470-3995-B6DB-C3EF3B8E75DE}.MinSizeRel|x64.Build.0 = MinSizeRel|x64
		{4B376C83-C470-3995-B6DB-C3EF3B8E75DE}.RelWithDebInfo|x64.ActiveCfg = RelWithDebInfo|x64
		{4B376C83-C470-3995-B6DB-C3EF3B8E75DE}.RelWithDebInfo|x64.Build.0 = RelWithDebInfo|x64
		{B51E671B-04DC-3863-8A03-9FA54AFD3B7A}.Debug|x64.ActiveCfg = Debug|x64
		{B51E671B-04DC-3863-8A03-9FA54AFD3B7A}.Release|x64.ActiveCfg = Release|x64
		{B51E671B-04DC-3863-8A03-9FA54AFD3B7A}.MinSizeRel|x64.ActiveCfg = MinSizeRel|x64
		{B51E671B-04DC-3863-8A03-9FA54AFD3B7A}.RelWithDebInfo|x64.ActiveCfg = RelWithDebInfo|x64
		{19CF2E19-87B1-3A91-A2B0-AA094DB52CA7}.Debug|x64.ActiveCfg = Debug|x64
		{19CF2E19-87B1-3A91-A2B0-AA094DB52CA7}.Debug|x64.Build.0 = Debug|x64
		{19CF2E19-87B1-3A91-A2B0-AA094DB52CA7}.Release|x64.ActiveCfg = Release|x64
		{19CF2E19-87B1-3A91-A2B0-AA094DB52CA7}.Release|x64.Build.0 = Release|x64
		{19CF2E19-87B1-3A91-A2B0-AA094DB52CA7}.MinSizeRel|x64.ActiveCfg = MinSizeRel|x64
		{19CF2E19-87B1-3A91-A2B0-AA094DB52CA7}.MinSizeRel|x64.Build.0 = MinSizeRel|x64
		{19CF2E19-87B1-3A91-A2B0-AA094DB52CA7}.RelWithDebInfo|x64.ActiveCfg = RelWithDebInfo|x64
		{19CF2E19-87B1-3A91-A2B0-AA094DB52CA7}.RelWithDebInfo|x64.Build.0 = RelWithDebInfo|x64
		{79355BD7-DFC1-3E35-8468-F3F096D8DC37}.Debug|x64.ActiveCfg = Debug|x64
		{79355BD7-DFC1-3E35-8468-F3F096D8DC37}.Debug|x64.Build.0 = Debug|x64
		{79355BD7-DFC1-3E35-8468-F3F096D8DC37}.Release|x64.ActiveCfg = Release|x64
		{79355BD7-DFC1-3E35-8468-F3F096D8DC37}.Release|x64.Build.0 = Release|x64
		{79355BD7-DFC1-3E35-8468-F3F096D8DC37}.MinSizeRel|x64.ActiveCfg = MinSizeRel|x64
		{79355BD7-DFC1-3E35-8468-F3F096D8DC37}.MinSizeRel|x64.Build.0 = MinSizeRel|x64
		{79355BD7-DFC1-3E35-8468-F3F096D8DC37}.RelWithDebInfo|x64.ActiveCfg = RelWithDebInfo|x64
		{79355BD7-DFC1-3E35-8468-F3F096D8DC37}.RelWithDebInfo|x64.Build.0 = RelWithDebInfo|x64
		{492EA388-FEF6-3075-818F-CE2D3E6136E1}.Debug|x64.ActiveCfg = Debug|x64
		{492EA388-FEF6-3075-818F-CE2D3E6136E1}.Debug|x64.Build.0 = Debug|x64
		{492EA388-FEF6-3075-818F-CE2D3E6136E1}.Release|x64.ActiveCfg = Release|x64
		{492EA388-FEF6-3075-818F-CE2D3E6136E1}.Release|x64.Build.0 = Release|x64
		{492EA388-FEF6-3075-818F-CE2D3E6136E1}.MinSizeRel|x64.ActiveCfg = MinSizeRel|x64
		{492EA388-FEF6-3075-818F-CE2D3E6136E1}.MinSizeRel|x64.Build.0 = MinSizeRel|x64
		{492EA388-FEF6-3075-818F-CE2D3E6136E1}.RelWithDebInfo|x64.ActiveCfg = RelWithDebInfo|x64
		{492EA388-FEF6-3075-818F-CE2D3E6136E1}.RelWithDebInfo|x64.Build.0 = RelWithDebInfo|x64
		{A4BF82E4-95DF-3F8F-9CF4-8695F705B182}.Debug|x64.ActiveCfg = Debug|x64
		{A4BF82E4-95DF-3F8F-9CF4-8695F705B182}.Debug|x64.Build.0 = Debug|x64
		{A4BF82E4-95DF-3F8F-9CF4-8695F705B182}.Release|x64.ActiveCfg = Release|x64
		{A4BF82E4-95DF-3F8F-9CF4-8695F705B182}.Release|x64.Build.0 = Release|x64
		{A4BF82E4-95DF-3F8F-9CF4-8695F705B182}.MinSizeRel|x64.ActiveCfg = MinSizeRel|x64
		{A4BF82E4-95DF-3F8F-9CF4-8695F705B182}.MinSizeRel|x64.Build.0 = MinSizeRel|x64
		{A4BF82E4-95DF-3F8F-9CF4-8695F705B182}.RelWithDebInfo|x64.ActiveCfg = RelWithDebInfo|x64
		{A4BF82E4-95DF-3F8F-9CF4-8695F705B182}.RelWithDebInfo|x64.Build.0 = RelWithDebInfo|x64
		{71E7C5E7-F0A6-34F3-8009-5A223AF82C34}.Debug|x64.ActiveCfg = Debug|x64
		{71E7C5E7-F0A6-34F3-8009-5A223AF82C34}.Debug|x64.Build.0 = Debug|x64
		{71E7C5E7-F0A6-34F3-8009-5A223AF82C34}.Release|x64.ActiveCfg = Release|x64
		{71E7C5E7-F0A6-34F3-8009-5A223AF82C34}.Release|x64.Build.0 = Release|x64
		{71E7C5E7-F0A6-34F3-8009-5A223AF82C34}.MinSizeRel|x64.ActiveCfg = MinSizeRel|x64
		{71E7C5E7-F0A6-34F3-8009-5A223AF82C34}.MinSizeRel|x64.Build.0 = MinSizeRel|x64
		{71E7C5E7-F0A6-34F3-8009-5A223AF82C34}.RelWithDebInfo|x64.ActiveCfg = RelWithDebInfo|x64
		{71E7C5E7-F0A6-34F3-8009-5A223AF82C34}.RelWithDebInfo|x64.Build.0 = RelWithDebInfo|x64
		{6517B500-0F21-30D8-B210-73FDE9AF8A43}.Debug|x64.ActiveCfg = Debug|x64
		{6517B500-0F21-30D8-B210-73FDE9AF8A43}.Debug|x64.Build.0 = Debug|x64
		{6517B500-0F21-30D8-B210-73FDE9AF8A43}.Release|x64.ActiveCfg = Release|x64
		{6517B500-0F21-30D8-B210-73FDE9AF8A43}.Release|x64.Build.0 = Release|x64
		{6517B500-0F21-30D8-B210-73FDE9AF8A43}.MinSizeRel|x64.ActiveCfg = MinSizeRel|x64
		{6517B500-0F21-30D8-B210-73FDE9AF8A43}.MinSizeRel|x64.Build.0 = MinSizeRel|x64
		{6517B500-0F21-30D8-B210-73FDE9AF8A43}.RelWithDebInfo|x64.ActiveCfg = RelWithDebInfo|x64
		{6517B500-0F21-30D8-B210-73FDE9AF8A43}.RelWithDebInfo|x64.Build.0 = RelWithDebInfo|x64
		{AD4082E9-A16F-3844-BBBF-43DA26A0E5B7}.Debug|x64.ActiveCfg = Debug|x64
		{AD4082E9-A16F-3844-BBBF-43DA26A0E5B7}.Debug|x64.Build.0 = Debug|x64
		{AD4082E9-A16F-3844-BBBF-43DA26A0E5B7}.Release|x64.ActiveCfg = Release|x64
		{AD4082E9-A16F-3844-BBBF-43DA26A0E5B7}.Release|x64.Build.0 = Release|x64
		{AD4082E9-A16F-3844-BBBF-43DA26A0E5B7}.MinSizeRel|x64.ActiveCfg = MinSizeRel|x64
		{AD4082E9-A16F-3844-BBBF-43DA26A0E5B7}.MinSizeRel|x64.Build.0 = MinSizeRel|x64
		{AD4082E9-A16F-3844-BBBF-43DA26A0E5B7}.RelWithDebInfo|x64.ActiveCfg = RelWithDebInfo|x64
		{AD4082E9-A16F-3844-BBBF-43DA26A0E5B7}.RelWithDebInfo|x64.Build.0 = RelWithDebInfo|x64
		{4C75EF6D-B160-3A0F-A1EC-14EB3C8602D6}.Debug|x64.ActiveCfg = Debug|x64
		{4C75EF6D-B160-3A0F-A1EC-14EB3C8602D6}.Debug|x64.Build.0 = Debug|x64
		{4C75EF6D-B160-3A0F-A1EC-14EB3C8602D6}.Release|x64.ActiveCfg = Release|x64
		{4C75EF6D-B160-3A0F-A1EC-14EB3C8602D6}.Release|x64.Build.0 = Release|x64
		{4C75EF6D-B160-3A0F-A1EC-14EB3C8602D6}.MinSizeRel|x64.ActiveCfg = MinSizeRel|x64
		{4C75EF6D-B160-3A0F-A1EC-14EB3C8602D6}.MinSizeRel|x64.Build.0 = MinSizeRel|x64
		{4C75EF6D-B160-3A0F-A1EC-14EB3C8602D6}.RelWithDebInfo|x64.ActiveCfg = RelWithDebInfo|x64
		{4C75EF6D-B160-3A0F-A1EC-14EB3C8602D6}.RelWithDebInfo|x64.Build.0 = RelWithDebInfo|x64
		{989BE574-0300-3901-867A-DA9B9A28C9A7}.Debug|x64.ActiveCfg = Debug|x64
		{989BE574-0300-3901-867A-DA9B9A28C9A7}.Debug|x64.Build.0 = Debug|x64
		{989BE574-0300-3901-867A-DA9B9A28C9A7}.Release|x64.ActiveCfg = Release|x64
		{989BE574-0300-3901-867A-DA9B9A28C9A7}.Release|x64.Build.0 = Release|x64
		{989BE574-0300-3901-867A-DA9B9A28C9A7}.MinSizeRel|x64.ActiveCfg = MinSizeRel|x64
		{989BE574-0300-3901-867A-DA9B9A28C9A7}.MinSizeRel|x64.Build.0 = MinSizeRel|x64
		{989BE574-0300-3901-867A-DA9B9A28C9A7}.RelWithDebInfo|x64.ActiveCfg = RelWithDebInfo|x64
		{989BE574-0300-3901-867A-DA9B9A28C9A7}.RelWithDebInfo|x64.Build.0 = RelWithDebInfo|x64
		{494D776F-D581-30ED-A9E5-9835355C47AB}.Debug|x64.ActiveCfg = Debug|x64
		{494D776F-D581-30ED-A9E5-9835355C47AB}.Debug|x64.Build.0 = Debug|x64
		{494D776F-D581-30ED-A9E5-9835355C47AB}.Release|x64.ActiveCfg = Release|x64
		{494D776F-D581-30ED-A9E5-9835355C47AB}.Release|x64.Build.0 = Release|x64
		{494D776F-D581-30ED-A9E5-9835355C47AB}.MinSizeRel|x64.ActiveCfg = MinSizeRel|x64
		{494D776F-D581-30ED-A9E5-9835355C47AB}.MinSizeRel|x64.Build.0 = MinSizeRel|x64
		{494D776F-D581-30ED-A9E5-9835355C47AB}.RelWithDebInfo|x64.ActiveCfg = RelWithDebInfo|x64
		{494D776F-D581-30ED-A9E5-9835355C47AB}.RelWithDebInfo|x64.Build.0 = RelWithDebInfo|x64
		{033C2E4A-023D-3F6A-9C1E-78D0C8684A15}.Debug|x64.ActiveCfg = Debug|x64
		{033C2E4A-023D-3F6A-9C1E-78D0C8684A15}.Debug|x64.Build.0 = Debug|x64
		{033C2E4A-023D-3F6A-9C1E-78D0C8684A15}.Release|x64.ActiveCfg = Release|x64
		{033C2E4A-023D-3F6A-9C1E-78D0C8684A15}.Release|x64.Build.0 = Release|x64
		{033C2E4A-023D-3F6A-9C1E-78D0C8684A15}.MinSizeRel|x64.ActiveCfg = MinSizeRel|x64
		{033C2E4A-023D-3F6A-9C1E-78D0C8684A15}.MinSizeRel|x64.Build.0 = MinSizeRel|x64
		{033C2E4A-023D-3F6A-9C1E-78D0C8684A15}.RelWithDebInfo|x64.ActiveCfg = RelWithDebInfo|x64
		{033C2E4A-023D-3F6A-9C1E-78D0C8684A15}.RelWithDebInfo|x64.Build.0 = RelWithDebInfo|x64
		{D85DAEF4-8EC3-3D34-8542-1FD54A37A069}.Debug|x64.ActiveCfg = Debug|x64
		{D85DAEF4-8EC3-3D34-8542-1FD54A37A069}.Debug|x64.Build.0 = Debug|x64
		{D85DAEF4-8EC3-3D34-8542-1FD54A37A069}.Release|x64.ActiveCfg = Release|x64
		{D85DAEF4-8EC3-3D34-8542-1FD54A37A069}.Release|x64.Build.0 = Release|x64
		{D85DAEF4-8EC3-3D34-8542-1FD54A37A069}.MinSizeRel|x64.ActiveCfg = MinSizeRel|x64
		{D85DAEF4-8EC3-3D34-8542-1FD54A37A069}.MinSizeRel|x64.Build.0 = MinSizeRel|x64
		{D85DAEF4-8EC3-3D34-8542-1FD54A37A069}.RelWithDebInfo|x64.ActiveCfg = RelWithDebInfo|x64
		{D85DAEF4-8EC3-3D34-8542-1FD54A37A069}.RelWithDebInfo|x64.Build.0 = RelWithDebInfo|x64
		{BD9D01A2-BE99-3EA3-86C2-E07EFBF98DAB}.Debug|x64.ActiveCfg = Debug|x64
		{BD9D01A2-BE99-3EA3-86C2-E07EFBF98DAB}.Debug|x64.Build.0 = Debug|x64
		{BD9D01A2-BE99-3EA3-86C2-E07EFBF98DAB}.Release|x64.ActiveCfg = Release|x64
		{BD9D01A2-BE99-3EA3-86C2-E07EFBF98DAB}.Release|x64.Build.0 = Release|x64
		{BD9D01A2-BE99-3EA3-86C2-E07EFBF98DAB}.MinSizeRel|x64.ActiveCfg = MinSizeRel|x64
		{BD9D01A2-BE99-3EA3-86C2-E07EFBF98DAB}.MinSizeRel|x64.Build.0 = MinSizeRel|x64
		{BD9D01A2-BE99-3EA3-86C2-E07EFBF98DAB}.RelWithDebInfo|x64.ActiveCfg = RelWithDebInfo|x64
		{BD9D01A2-BE99-3EA3-86C2-E07EFBF98DAB}.RelWithDebInfo|x64.Build.0 = RelWithDebInfo|x64
		{85D4D941-0CBE-3113-8FC7-FB495199A6C2}.Debug|x64.ActiveCfg = Debug|x64
		{85D4D941-0CBE-3113-8FC7-FB495199A6C2}.Debug|x64.Build.0 = Debug|x64
		{85D4D941-0CBE-3113-8FC7-FB495199A6C2}.Release|x64.ActiveCfg = Release|x64
		{85D4D941-0CBE-3113-8FC7-FB495199A6C2}.Release|x64.Build.0 = Release|x64
		{85D4D941-0CBE-3113-8FC7-FB495199A6C2}.MinSizeRel|x64.ActiveCfg = MinSizeRel|x64
		{85D4D941-0CBE-3113-8FC7-FB495199A6C2}.MinSizeRel|x64.Build.0 = MinSizeRel|x64
		{85D4D941-0CBE-3113-8FC7-FB495199A6C2}.RelWithDebInfo|x64.ActiveCfg = RelWithDebInfo|x64
		{85D4D941-0CBE-3113-8FC7-FB495199A6C2}.RelWithDebInfo|x64.Build.0 = RelWithDebInfo|x64
		{0675F94A-E789-34D2-82A1-739851655A35}.Debug|x64.ActiveCfg = Debug|x64
		{0675F94A-E789-34D2-82A1-739851655A35}.Debug|x64.Build.0 = Debug|x64
		{0675F94A-E789-34D2-82A1-739851655A35}.Release|x64.ActiveCfg = Release|x64
		{0675F94A-E789-34D2-82A1-739851655A35}.Release|x64.Build.0 = Release|x64
		{0675F94A-E789-34D2-82A1-739851655A35}.MinSizeRel|x64.ActiveCfg = MinSizeRel|x64
		{0675F94A-E789-34D2-82A1-739851655A35}.MinSizeRel|x64.Build.0 = MinSizeRel|x64
		{0675F94A-E789-34D2-82A1-739851655A35}.RelWithDebInfo|x64.ActiveCfg = RelWithDebInfo|x64
		{0675F94A-E789-34D2-82A1-739851655A35}.RelWithDebInfo|x64.Build.0 = RelWithDebInfo|x64
		{B2723C50-CFAF-340F-AB4B-45AA0F32A45A}.Debug|x64.ActiveCfg = Debug|x64
		{B2723C50-CFAF-340F-AB4B-45AA0F32A45A}.Debug|x64.Build.0 = Debug|x64
		{B2723C50-CFAF-340F-AB4B-45AA0F32A45A}.Release|x64.ActiveCfg = Release|x64
		{B2723C50-CFAF-340F-AB4B-45AA0F32A45A}.Release|x64.Build.0 = Release|x64
		{B2723C50-CFAF-340F-AB4B-45AA0F32A45A}.MinSizeRel|x64.ActiveCfg = MinSizeRel|x64
		{B2723C50-CFAF-340F-AB4B-45AA0F32A45A}.MinSizeRel|x64.Build.0 = MinSizeRel|x64
		{B2723C50-CFAF-340F-AB4B-45AA0F32A45A}.RelWithDebInfo|x64.ActiveCfg = RelWithDebInfo|x64
		{B2723C50-CFAF-340F-AB4B-45AA0F32A45A}.RelWithDebInfo|x64.Build.0 = RelWithDebInfo|x64
		{FAFDAFEB-6ADC-3539-B8E2-AF1A961631F1}.Debug|x64.ActiveCfg = Debug|x64
		{FAFDAFEB-6ADC-3539-B8E2-AF1A961631F1}.Debug|x64.Build.0 = Debug|x64
		{FAFDAFEB-6ADC-3539-B8E2-AF1A961631F1}.Release|x64.ActiveCfg = Release|x64
		{FAFDAFEB-6ADC-3539-B8E2-AF1A961631F1}.Release|x64.Build.0 = Release|x64
		{FAFDAFEB-6ADC-3539-B8E2-AF1A961631F1}.MinSizeRel|x64.ActiveCfg = MinSizeRel|x64
		{FAFDAFEB-6ADC-3539-B8E2-AF1A961631F1}.MinSizeRel|x64.Build.0 = MinSizeRel|x64
		{FAFDAFEB-6ADC-3539-B8E2-AF1A961631F1}.RelWithDebInfo|x64.ActiveCfg = RelWithDebInfo|x64
		{FAFDAFEB-6ADC-3539-B8E2-AF1A961631F1}.RelWithDebInfo|x64.Build.0 = RelWithDebInfo|x64
		{8B97B3B5-4A9A-3040-848D-4126C430C7D8}.Debug|x64.ActiveCfg = Debug|x64
		{8B97B3B5-4A9A-3040-848D-4126C430C7D8}.Debug|x64.Build.0 = Debug|x64
		{8B97B3B5-4A9A-3040-848D-4126C430C7D8}.Release|x64.ActiveCfg = Release|x64
		{8B97B3B5-4A9A-3040-848D-4126C430C7D8}.Release|x64.Build.0 = Release|x64
		{8B97B3B5-4A9A-3040-848D-4126C430C7D8}.MinSizeRel|x64.ActiveCfg = MinSizeRel|x64
		{8B97B3B5-4A9A-3040-848D-4126C430C7D8}.MinSizeRel|x64.Build.0 = MinSizeRel|x64
		{8B97B3B5-4A9A-3040-848D-4126C430C7D8}.RelWithDebInfo|x64.ActiveCfg = RelWithDebInfo|x64
		{8B97B3B5-4A9A-3040-848D-4126C430C7D8}.RelWithDebInfo|x64.Build.0 = RelWithDebInfo|x64
		{71F05871-CDBA-39AC-A680-53797DA0107B}.Debug|x64.ActiveCfg = Debug|x64
		{71F05871-CDBA-39AC-A680-53797DA0107B}.Debug|x64.Build.0 = Debug|x64
		{71F05871-CDBA-39AC-A680-53797DA0107B}.Release|x64.ActiveCfg = Release|x64
		{71F05871-CDBA-39AC-A680-53797DA0107B}.Release|x64.Build.0 = Release|x64
		{71F05871-CDBA-39AC-A680-53797DA0107B}.MinSizeRel|x64.ActiveCfg = MinSizeRel|x64
		{71F05871-CDBA-39AC-A680-53797DA0107B}.MinSizeRel|x64.Build.0 = MinSizeRel|x64
		{71F05871-CDBA-39AC-A680-53797DA0107B}.RelWithDebInfo|x64.ActiveCfg = RelWithDebInfo|x64
		{71F05871-CDBA-39AC-A680-53797DA0107B}.RelWithDebInfo|x64.Build.0 = RelWithDebInfo|x64
		{28C3B174-4EB7-366F-BBEC-E8C551944C58}.Debug|x64.ActiveCfg = Debug|x64
		{28C3B174-4EB7-366F-BBEC-E8C551944C58}.Debug|x64.Build.0 = Debug|x64
		{28C3B174-4EB7-366F-BBEC-E8C551944C58}.Release|x64.ActiveCfg = Release|x64
		{28C3B174-4EB7-366F-BBEC-E8C551944C58}.Release|x64.Build.0 = Release|x64
		{28C3B174-4EB7-366F-BBEC-E8C551944C58}.MinSizeRel|x64.ActiveCfg = MinSizeRel|x64
		{28C3B174-4EB7-366F-BBEC-E8C551944C58}.MinSizeRel|x64.Build.0 = MinSizeRel|x64
		{28C3B174-4EB7-366F-BBEC-E8C551944C58}.RelWithDebInfo|x64.ActiveCfg = RelWithDebInfo|x64
		{28C3B174-4EB7-366F-BBEC-E8C551944C58}.RelWithDebInfo|x64.Build.0 = RelWithDebInfo|x64
		{818C1E26-1A25-3C8B-9FD4-9A9B35D97DF4}.Debug|x64.ActiveCfg = Debug|x64
		{818C1E26-1A25-3C8B-9FD4-9A9B35D97DF4}.Debug|x64.Build.0 = Debug|x64
		{818C1E26-1A25-3C8B-9FD4-9A9B35D97DF4}.Release|x64.ActiveCfg = Release|x64
		{818C1E26-1A25-3C8B-9FD4-9A9B35D97DF4}.Release|x64.Build.0 = Release|x64
		{818C1E26-1A25-3C8B-9FD4-9A9B35D97DF4}.MinSizeRel|x64.ActiveCfg = MinSizeRel|x64
		{818C1E26-1A25-3C8B-9FD4-9A9B35D97DF4}.MinSizeRel|x64.Build.0 = MinSizeRel|x64
		{818C1E26-1A25-3C8B-9FD4-9A9B35D97DF4}.RelWithDebInfo|x64.ActiveCfg = RelWithDebInfo|x64
		{818C1E26-1A25-3C8B-9FD4-9A9B35D97DF4}.RelWithDebInfo|x64.Build.0 = RelWithDebInfo|x64
		{47F6EFAA-F089-3F6B-9DFC-62C915F5E902}.Debug|x64.ActiveCfg = Debug|x64
		{47F6EFAA-F089-3F6B-9DFC-62C915F5E902}.Debug|x64.Build.0 = Debug|x64
		{47F6EFAA-F089-3F6B-9DFC-62C915F5E902}.Release|x64.ActiveCfg = Release|x64
		{47F6EFAA-F089-3F6B-9DFC-62C915F5E902}.Release|x64.Build.0 = Release|x64
		{47F6EFAA-F089-3F6B-9DFC-62C915F5E902}.MinSizeRel|x64.ActiveCfg = MinSizeRel|x64
		{47F6EFAA-F089-3F6B-9DFC-62C915F5E902}.MinSizeRel|x64.Build.0 = MinSizeRel|x64
		{47F6EFAA-F089-3F6B-9DFC-62C915F5E902}.RelWithDebInfo|x64.ActiveCfg = RelWithDebInfo|x64
		{47F6EFAA-F089-3F6B-9DFC-62C915F5E902}.RelWithDebInfo|x64.Build.0 = RelWithDebInfo|x64
		{40FF3A63-C928-31F7-BE5E-690EA58F939F}.Debug|x64.ActiveCfg = Debug|x64
		{40FF3A63-C928-31F7-BE5E-690EA58F939F}.Debug|x64.Build.0 = Debug|x64
		{40FF3A63-C928-31F7-BE5E-690EA58F939F}.Release|x64.ActiveCfg = Release|x64
		{40FF3A63-C928-31F7-BE5E-690EA58F939F}.Release|x64.Build.0 = Release|x64
		{40FF3A63-C928-31F7-BE5E-690EA58F939F}.MinSizeRel|x64.ActiveCfg = MinSizeRel|x64
		{40FF3A63-C928-31F7-BE5E-690EA58F939F}.MinSizeRel|x64.Build.0 = MinSizeRel|x64
		{40FF3A63-C928-31F7-BE5E-690EA58F939F}.RelWithDebInfo|x64.ActiveCfg = RelWithDebInfo|x64
		{40FF3A63-C928-31F7-BE5E-690EA58F939F}.RelWithDebInfo|x64.Build.0 = RelWithDebInfo|x64
		{DBB647EC-BFB0-395E-98A6-1538356D0968}.Debug|x64.ActiveCfg = Debug|x64
		{DBB647EC-BFB0-395E-98A6-1538356D0968}.Debug|x64.Build.0 = Debug|x64
		{DBB647EC-BFB0-395E-98A6-1538356D0968}.Release|x64.ActiveCfg = Release|x64
		{DBB647EC-BFB0-395E-98A6-1538356D0968}.Release|x64.Build.0 = Release|x64
		{DBB647EC-BFB0-395E-98A6-1538356D0968}.MinSizeRel|x64.ActiveCfg = MinSizeRel|x64
		{DBB647EC-BFB0-395E-98A6-1538356D0968}.MinSizeRel|x64.Build.0 = MinSizeRel|x64
		{DBB647EC-BFB0-395E-98A6-1538356D0968}.RelWithDebInfo|x64.ActiveCfg = RelWithDebInfo|x64
		{DBB647EC-BFB0-395E-98A6-1538356D0968}.RelWithDebInfo|x64.Build.0 = RelWithDebInfo|x64
		{717067C1-C4CD-3CE3-B2B4-4B97B0641FB8}.Debug|x64.ActiveCfg = Debug|x64
		{717067C1-C4CD-3CE3-B2B4-4B97B0641FB8}.Debug|x64.Build.0 = Debug|x64
		{717067C1-C4CD-3CE3-B2B4-4B97B0641FB8}.Release|x64.ActiveCfg = Release|x64
		{717067C1-C4CD-3CE3-B2B4-4B97B0641FB8}.Release|x64.Build.0 = Release|x64
		{717067C1-C4CD-3CE3-B2B4-4B97B0641FB8}.MinSizeRel|x64.ActiveCfg = MinSizeRel|x64
		{717067C1-C4CD-3CE3-B2B4-4B97B0641FB8}.MinSizeRel|x64.Build.0 = MinSizeRel|x64
		{717067C1-C4CD-3CE3-B2B4-4B97B0641FB8}.RelWithDebInfo|x64.ActiveCfg = RelWithDebInfo|x64
		{717067C1-C4CD-3CE3-B2B4-4B97B0641FB8}.RelWithDebInfo|x64.Build.0 = RelWithDebInfo|x64
		{14B14383-5F55-3358-858A-6EEB64B912CE}.Debug|x64.ActiveCfg = Debug|x64
		{14B14383-5F55-3358-858A-6EEB64B912CE}.Debug|x64.Build.0 = Debug|x64
		{14B14383-5F55-3358-858A-6EEB64B912CE}.Release|x64.ActiveCfg = Release|x64
		{14B14383-5F55-3358-858A-6EEB64B912CE}.Release|x64.Build.0 = Release|x64
		{14B14383-5F55-3358-858A-6EEB64B912CE}.MinSizeRel|x64.ActiveCfg = MinSizeRel|x64
		{14B14383-5F55-3358-858A-6EEB64B912CE}.MinSizeRel|x64.Build.0 = MinSizeRel|x64
		{14B14383-5F55-3358-858A-6EEB64B912CE}.RelWithDebInfo|x64.ActiveCfg = RelWithDebInfo|x64
		{14B14383-5F55-3358-858A-6EEB64B912CE}.RelWithDebInfo|x64.Build.0 = RelWithDebInfo|x64
		{023044F8-E665-3137-9E12-EB2C9B4C5B40}.Debug|x64.ActiveCfg = Debug|x64
		{023044F8-E665-3137-9E12-EB2C9B4C5B40}.Debug|x64.Build.0 = Debug|x64
		{023044F8-E665-3137-9E12-EB2C9B4C5B40}.Release|x64.ActiveCfg = Release|x64
		{023044F8-E665-3137-9E12-EB2C9B4C5B40}.Release|x64.Build.0 = Release|x64
		{023044F8-E665-3137-9E12-EB2C9B4C5B40}.MinSizeRel|x64.ActiveCfg = MinSizeRel|x64
		{023044F8-E665-3137-9E12-EB2C9B4C5B40}.MinSizeRel|x64.Build.0 = MinSizeRel|x64
		{023044F8-E665-3137-9E12-EB2C9B4C5B40}.RelWithDebInfo|x64.ActiveCfg = RelWithDebInfo|x64
		{023044F8-E665-3137-9E12-EB2C9B4C5B40}.RelWithDebInfo|x64.Build.0 = RelWithDebInfo|x64
		{1D451DDF-406B-33C7-99F2-D836B4098035}.Debug|x64.ActiveCfg = Debug|x64
		{1D451DDF-406B-33C7-99F2-D836B4098035}.Debug|x64.Build.0 = Debug|x64
		{1D451DDF-406B-33C7-99F2-D836B4098035}.Release|x64.ActiveCfg = Release|x64
		{1D451DDF-406B-33C7-99F2-D836B4098035}.Release|x64.Build.0 = Release|x64
		{1D451DDF-406B-33C7-99F2-D836B4098035}.MinSizeRel|x64.ActiveCfg = MinSizeRel|x64
		{1D451DDF-406B-33C7-99F2-D836B4098035}.MinSizeRel|x64.Build.0 = MinSizeRel|x64
		{1D451DDF-406B-33C7-99F2-D836B4098035}.RelWithDebInfo|x64.ActiveCfg = RelWithDebInfo|x64
		{1D451DDF-406B-33C7-99F2-D836B4098035}.RelWithDebInfo|x64.Build.0 = RelWithDebInfo|x64
		{F0A4BD6F-DD63-3329-BCBE-7F5856277CB6}.Debug|x64.ActiveCfg = Debug|x64
		{F0A4BD6F-DD63-3329-BCBE-7F5856277CB6}.Debug|x64.Build.0 = Debug|x64
		{F0A4BD6F-DD63-3329-BCBE-7F5856277CB6}.Release|x64.ActiveCfg = Release|x64
		{F0A4BD6F-DD63-3329-BCBE-7F5856277CB6}.Release|x64.Build.0 = Release|x64
		{F0A4BD6F-DD63-3329-BCBE-7F5856277CB6}.MinSizeRel|x64.ActiveCfg = MinSizeRel|x64
		{F0A4BD6F-DD63-3329-BCBE-7F5856277CB6}.MinSizeRel|x64.Build.0 = MinSizeRel|x64
		{F0A4BD6F-DD63-3329-BCBE-7F5856277CB6}.RelWithDebInfo|x64.ActiveCfg = RelWithDebInfo|x64
		{F0A4BD6F-DD63-3329-BCBE-7F5856277CB6}.RelWithDebInfo|x64.Build.0 = RelWithDebInfo|x64
		{5C0050D4-B47C-338D-8160-BBEEA4CFE338}.Debug|x64.ActiveCfg = Debug|x64
		{5C0050D4-B47C-338D-8160-BBEEA4CFE338}.Debug|x64.Build.0 = Debug|x64
		{5C0050D4-B47C-338D-8160-BBEEA4CFE338}.Release|x64.ActiveCfg = Release|x64
		{5C0050D4-B47C-338D-8160-BBEEA4CFE338}.Release|x64.Build.0 = Release|x64
		{5C0050D4-B47C-338D-8160-BBEEA4CFE338}.MinSizeRel|x64.ActiveCfg = MinSizeRel|x64
		{5C0050D4-B47C-338D-8160-BBEEA4CFE338}.MinSizeRel|x64.Build.0 = MinSizeRel|x64
		{5C0050D4-B47C-338D-8160-BBEEA4CFE338}.RelWithDebInfo|x64.ActiveCfg = RelWithDebInfo|x64
		{5C0050D4-B47C-338D-8160-BBEEA4CFE338}.RelWithDebInfo|x64.Build.0 = RelWithDebInfo|x64
		{4ACB6CBB-7CB7-3986-A28D-4CCBDE61A323}.Debug|x64.ActiveCfg = Debug|x64
		{4ACB6CBB-7CB7-3986-A28D-4CCBDE61A323}.Debug|x64.Build.0 = Debug|x64
		{4ACB6CBB-7CB7-3986-A28D-4CCBDE61A323}.Release|x64.ActiveCfg = Release|x64
		{4ACB6CBB-7CB7-3986-A28D-4CCBDE61A323}.Release|x64.Build.0 = Release|x64
		{4ACB6CBB-7CB7-3986-A28D-4CCBDE61A323}.MinSizeRel|x64.ActiveCfg = MinSizeRel|x64
		{4ACB6CBB-7CB7-3986-A28D-4CCBDE61A323}.MinSizeRel|x64.Build.0 = MinSizeRel|x64
		{4ACB6CBB-7CB7-3986-A28D-4CCBDE61A323}.RelWithDebInfo|x64.ActiveCfg = RelWithDebInfo|x64
		{4ACB6CBB-7CB7-3986-A28D-4CCBDE61A323}.RelWithDebInfo|x64.Build.0 = RelWithDebInfo|x64
	EndGlobalSection
	GlobalSection(ExtensibilityGlobals) = postSolution
		SolutionGuid = {5BB57C0F-75F2-3A0F-B713-3B68870C5521}
	EndGlobalSection
	GlobalSection(ExtensibilityAddIns) = postSolution
	EndGlobalSection
EndGlobal
